// !$*UTF8*$!
{
	archiveVersion = 1;
	classes = {
	};
	objectVersion = 77;
	objects = {

/* Begin PBXBuildFile section */
		00E08E1CB4F29B8D9A10B99E /* AreaRequestStore.swift in Sources */ = {isa = PBXBuildFile; fileRef = E2972EE832CF0C1F49848DCA /* AreaRequestStore.swift */; };
		03BCA98CCDE3329699506DEC /* OfferBranchFilterTests.swift in Sources */ = {isa = PBXBuildFile; fileRef = ACE5C2669AEFA6B6452C2326 /* OfferBranchFilterTests.swift */; };
		051E3B71EDEEFABEDE77D425 /* RestartJourneyTests.swift in Sources */ = {isa = PBXBuildFile; fileRef = D18A284202A7208FC262FFC2 /* RestartJourneyTests.swift */; };
		068610CB2096633DF7F4EE88 /* OfferMatcher.swift in Sources */ = {isa = PBXBuildFile; fileRef = 4136F24FE5C87B2EF624DA5C /* OfferMatcher.swift */; };
		0A8A98003F355DE7128180DF /* SuggestionSurfaceTests.swift in Sources */ = {isa = PBXBuildFile; fileRef = 5E4CACBBD014A6D4BA61D2BD /* SuggestionSurfaceTests.swift */; };
		0CBDAC11429B86B4BD9493B0 /* PrivacyInfo.xcprivacy in Resources */ = {isa = PBXBuildFile; fileRef = 5E0F411BD66BA0E24290F178 /* PrivacyInfo.xcprivacy */; };
		0E0235EB1E68EF41B96AFD38 /* LiveRepositories.swift in Sources */ = {isa = PBXBuildFile; fileRef = AE5D84E7FD7BFB1DC3EA7129 /* LiveRepositories.swift */; };
		0E4565A94351B610A3642124 /* PriceHistoryTests.swift in Sources */ = {isa = PBXBuildFile; fileRef = 39A6790E54550782540DD2EA /* PriceHistoryTests.swift */; };
		0ED5098F092B30437F5E96F7 /* AppDefaults.swift in Sources */ = {isa = PBXBuildFile; fileRef = 5B23057004B598EFE72A2CCF /* AppDefaults.swift */; };
		1148F5958E64FBE2788BE134 /* ShoppingListStore.swift in Sources */ = {isa = PBXBuildFile; fileRef = 0B8DBF1FFEC5112B920B78AF /* ShoppingListStore.swift */; };
		148A98D98557D5228E03AA84 /* LoadFailure.swift in Sources */ = {isa = PBXBuildFile; fileRef = 06C2FAD7BF9107A6A5B0E813 /* LoadFailure.swift */; };
		15BDE5AB46E6FD0569826D78 /* ItemDetailSheet.swift in Sources */ = {isa = PBXBuildFile; fileRef = C3E42237292FFC9E49CCBCFF /* ItemDetailSheet.swift */; };
		1610E1CE653C317F874E09F9 /* CategorySymbolTests.swift in Sources */ = {isa = PBXBuildFile; fileRef = ABCA3AF53774305AC29D7EA9 /* CategorySymbolTests.swift */; };
		1ABF73D0FE837786CB85B5D6 /* OfferCache.swift in Sources */ = {isa = PBXBuildFile; fileRef = 013BBA69451C31CE72CBBF3D /* OfferCache.swift */; };
		1D32B2419CBCFBAAF6AC6DB9 /* MatchDictionary.swift in Sources */ = {isa = PBXBuildFile; fileRef = A6E3888444B33870F2CCF97B /* MatchDictionary.swift */; };
		1D7DDB33025FB9054ECF7E3F /* ItemDetailJourneyTests.swift in Sources */ = {isa = PBXBuildFile; fileRef = F2AA8BB9D5D18F2F1B08421B /* ItemDetailJourneyTests.swift */; };
		2057B9D8FFBAC863A9D2F66D /* AreaRequestStoreTests.swift in Sources */ = {isa = PBXBuildFile; fileRef = 07359672A7664F3F184BD4BC /* AreaRequestStoreTests.swift */; };
		22E1700D0C412F27A60762EA /* AdSlot.swift in Sources */ = {isa = PBXBuildFile; fileRef = 761894A1F7C05226FDACA2FA /* AdSlot.swift */; };
		2AB61ED05906633F3FDBC9B8 /* ConsentStepView.swift in Sources */ = {isa = PBXBuildFile; fileRef = F6EF1D05EA99835E5E2E073C /* ConsentStepView.swift */; };
		2BD32204C1D8F38E13C7A148 /* OfferAnalytics.swift in Sources */ = {isa = PBXBuildFile; fileRef = 4476F864C2C670C5B5A60F08 /* OfferAnalytics.swift */; };
		2D0BD158D68A1C89C715C2D1 /* ShoppingListInputJourneyTests.swift in Sources */ = {isa = PBXBuildFile; fileRef = 6BBC2A3B643BBE2A473B57F2 /* ShoppingListInputJourneyTests.swift */; };
		2E6CCA6B7C7B1A256D14EF1A /* OnboardingJourneyTests.swift in Sources */ = {isa = PBXBuildFile; fileRef = 077E32320821AEDD589009C3 /* OnboardingJourneyTests.swift */; };
		334CF691C906D38CD9643C0B /* SuggestionSurface.swift in Sources */ = {isa = PBXBuildFile; fileRef = A7BB877ECEA7A4D686EBCB4E /* SuggestionSurface.swift */; };
		351713A908D90B4FEA54411A /* MatchRejectionStore.swift in Sources */ = {isa = PBXBuildFile; fileRef = 31D8064CB703BCA72D155151 /* MatchRejectionStore.swift */; };
		36891B9C13CF47C4B5739E29 /* MatchFeedbackStore.swift in Sources */ = {isa = PBXBuildFile; fileRef = 0D4E5F6D14D5EBF07250BD27 /* MatchFeedbackStore.swift */; };
		378862DCFBC33DF6D3276BD6 /* Categories.swift in Sources */ = {isa = PBXBuildFile; fileRef = DC35901A5880CB5D3E2B1BA3 /* Categories.swift */; };
		394D1967FF955B0C864A9333 /* OfferRowView.swift in Sources */ = {isa = PBXBuildFile; fileRef = D788470C564A715809FB014B /* OfferRowView.swift */; };
		3BFE78271F7C2C7E3079464B /* LeChariotApp.swift in Sources */ = {isa = PBXBuildFile; fileRef = DACCE0BB944358A8E9E36792 /* LeChariotApp.swift */; };
		3D129061277F9F5EC5A41C76 /* MatchFeedbackJourneyTests.swift in Sources */ = {isa = PBXBuildFile; fileRef = 7A9D8435B451C3CC5B59F2F3 /* MatchFeedbackJourneyTests.swift */; };
		3F5F6D3D2B14F07D477892A6 /* OffersView.swift in Sources */ = {isa = PBXBuildFile; fileRef = F826415F9A5019BBEFB36748 /* OffersView.swift */; };
		418EF9D4115B6D9D97E97EAA /* PriceHistoryPoint.swift in Sources */ = {isa = PBXBuildFile; fileRef = 9DE35F9DB7EA75080DC933FE /* PriceHistoryPoint.swift */; };
		45516EA9CFCBC3D8475820B5 /* matching-woerterbuch.json in Resources */ = {isa = PBXBuildFile; fileRef = 235B5CB43B35A715D3C8B791 /* matching-woerterbuch.json */; };
		4AA11EB4461C85B88B5B5762 /* PurchaseHistoryStoreTests.swift in Sources */ = {isa = PBXBuildFile; fileRef = 604E877329F269A5352F1E0F /* PurchaseHistoryStoreTests.swift */; };
		5446AE78C4DBDD8070F364A2 /* ItemDetailTests.swift in Sources */ = {isa = PBXBuildFile; fileRef = 068919EA90C495E306339C4A /* ItemDetailTests.swift */; };
		559A1718BAF84911937E0438 /* TutorialStoreTests.swift in Sources */ = {isa = PBXBuildFile; fileRef = F03A93619A50143444197378 /* TutorialStoreTests.swift */; };
		5721DB0A53DE1E8AF91A0C46 /* TutorialJourneyTests.swift in Sources */ = {isa = PBXBuildFile; fileRef = 965633E574547736025B1070 /* TutorialJourneyTests.swift */; };
		57AAAF9B1D293D70BAEF929D /* MotionTests.swift in Sources */ = {isa = PBXBuildFile; fileRef = 9498A62F720A4CDF60E7C822 /* MotionTests.swift */; };
		58A0B40A154D0516A521E3B9 /* SettingsView.swift in Sources */ = {isa = PBXBuildFile; fileRef = 1A9EABF5CFA9A2C0A694B54D /* SettingsView.swift */; };
		5D7D44C5ACFF452867D4B1B0 /* MarketFilterTests.swift in Sources */ = {isa = PBXBuildFile; fileRef = 733186E11485448A9BAEDE5A /* MarketFilterTests.swift */; };
		5EB566DE9037A839FD1C6785 /* AppearanceWindowBridgeTests.swift in Sources */ = {isa = PBXBuildFile; fileRef = 339624315CBF239B010721F4 /* AppearanceWindowBridgeTests.swift */; };
		62CC6F27C2E93A0D76D5E7C2 /* Offer.swift in Sources */ = {isa = PBXBuildFile; fileRef = E22EB15D7506D5F3EF6AB530 /* Offer.swift */; };
		62F7DE5D523677DCE2C11F84 /* ShoppingListRankingTests.swift in Sources */ = {isa = PBXBuildFile; fileRef = 71A0B05C0B6121575AF85748 /* ShoppingListRankingTests.swift */; };
		63A4FC3FC6CF796D17DF7355 /* ContentView.swift in Sources */ = {isa = PBXBuildFile; fileRef = A5414C5611E9D4E8F9AFDA07 /* ContentView.swift */; };
		63D39D7DCEFC804DA46FB0E5 /* SupabaseClient.swift in Sources */ = {isa = PBXBuildFile; fileRef = 12F8D70A89A245C75C6851F4 /* SupabaseClient.swift */; };
		697C537B2AFA664B76EC9C63 /* Assets.xcassets in Resources */ = {isa = PBXBuildFile; fileRef = 7AF54061BCC52E8173C3B3E0 /* Assets.xcassets */; };
		6B6A9629883A5FF91F28FABF /* MatchShelfTests.swift in Sources */ = {isa = PBXBuildFile; fileRef = 244C38B58D3568542C50049C /* MatchShelfTests.swift */; };
		6BA21649B136D9D764067807 /* OfferAnalyticsTests.swift in Sources */ = {isa = PBXBuildFile; fileRef = 56A33FF4D3E0A5DD20E58F32 /* OfferAnalyticsTests.swift */; };
		6DA8349F2F97606C0AC4AF69 /* ShoppingListStoreTests.swift in Sources */ = {isa = PBXBuildFile; fileRef = 4DCD27B7DF6A4FCD52079710 /* ShoppingListStoreTests.swift */; };
		70FF1CE1FE006115B485A91D /* SpotlightTransitionTests.swift in Sources */ = {isa = PBXBuildFile; fileRef = 10BF4461D4FA990B518B402E /* SpotlightTransitionTests.swift */; };
		76532A2EB27D62670B17B0A4 /* BranchRequestStoreTests.swift in Sources */ = {isa = PBXBuildFile; fileRef = C549F3693733C383160479E6 /* BranchRequestStoreTests.swift */; };
		772309E872C55813F0D87F25 /* SpotlightTransition.swift in Sources */ = {isa = PBXBuildFile; fileRef = 894E6EFEB028761E5A95AA2A /* SpotlightTransition.swift */; };
		7A006A1FE6EDACB011F348B2 /* MarketPickerView.swift in Sources */ = {isa = PBXBuildFile; fileRef = 4BD252D32A3EE522BCE2119C /* MarketPickerView.swift */; };
		7A093EA7706CCBBECD4645DD /* AppRepositories.swift in Sources */ = {isa = PBXBuildFile; fileRef = 2E3E846E81ED657EC69B5B88 /* AppRepositories.swift */; };
		7C48E7DAAA0BB9433D476802 /* RegionSetupView.swift in Sources */ = {isa = PBXBuildFile; fileRef = 6448F0AE82476CEEC4230DB4 /* RegionSetupView.swift */; };
		81EE8A4DF06EE1589DEF42F5 /* LocatedPLZJourneyTests.swift in Sources */ = {isa = PBXBuildFile; fileRef = A2D54CA2F7CD6F69B202434E /* LocatedPLZJourneyTests.swift */; };
		829997B558A3AD68DA70B8E2 /* ProfileStore.swift in Sources */ = {isa = PBXBuildFile; fileRef = BE3205064BB98F72C1F6EFF8 /* ProfileStore.swift */; };
		8429A151004224201BFD1282 /* OfferProvenanceTests.swift in Sources */ = {isa = PBXBuildFile; fileRef = E28B080B6573542BF1E58EC2 /* OfferProvenanceTests.swift */; };
		8493FE1F7BB9993F94B3823E /* BranchRequestStore.swift in Sources */ = {isa = PBXBuildFile; fileRef = 306502B13C18DF3689178E79 /* BranchRequestStore.swift */; };
		86567AB672287ACCDE060221 /* AccessibilityAuditTests.swift in Sources */ = {isa = PBXBuildFile; fileRef = 4E57D390D832770158F323ED /* AccessibilityAuditTests.swift */; };
		88778001056F59AB3200C144 /* PLZLocator.swift in Sources */ = {isa = PBXBuildFile; fileRef = 1D800B453F51684C0315E512 /* PLZLocator.swift */; };
		8920EDBEB99CD425B2F6712B /* ModelDecodingTests.swift in Sources */ = {isa = PBXBuildFile; fileRef = EF404CE25C373766FD276214 /* ModelDecodingTests.swift */; };
		8ACD90D517FD3658B117E63F /* MockRepositoryTests.swift in Sources */ = {isa = PBXBuildFile; fileRef = BD420AD34161A5E5B1521FE3 /* MockRepositoryTests.swift */; };
		8C50279200A173188997DFE1 /* PurchaseHistoryStore.swift in Sources */ = {isa = PBXBuildFile; fileRef = 71AD3AEE442A649B27BEECBF /* PurchaseHistoryStore.swift */; };
		932AFD2F16AE5BEE8BB178F5 /* OnboardingStepView.swift in Sources */ = {isa = PBXBuildFile; fileRef = EEDB184C3A7B9E657793CAD7 /* OnboardingStepView.swift */; };
		95FBD828D302563EBC5CC1BD /* BranchRequest.swift in Sources */ = {isa = PBXBuildFile; fileRef = 95E2562A7F9C3DFEA3A1F1B8 /* BranchRequest.swift */; };
		96B4FC80C20A85631974EED8 /* MockRepositories.swift in Sources */ = {isa = PBXBuildFile; fileRef = E3EEDA6C283BDD9B46EF50FC /* MockRepositories.swift */; };
		96EBA59190334156698E2A8C /* PriceHistoryStore.swift in Sources */ = {isa = PBXBuildFile; fileRef = 3E915B0D5206042278F2C300 /* PriceHistoryStore.swift */; };
		9A3DADC48CD248E714CEBFA2 /* Branch.swift in Sources */ = {isa = PBXBuildFile; fileRef = AA138160FCA245A56EC21E73 /* Branch.swift */; };
		9BAB0623FF44A06D536E0CDD /* MultiRegionJourneyTests.swift in Sources */ = {isa = PBXBuildFile; fileRef = CEA2327E3E29216356945CA3 /* MultiRegionJourneyTests.swift */; };
		9E44FA5D03C8440EBA47C047 /* OfferFilterJourneyTests.swift in Sources */ = {isa = PBXBuildFile; fileRef = A131D7DCE51C328D0986C625 /* OfferFilterJourneyTests.swift */; };
		A058CF1E18B9F2129F39B194 /* RegionStoreTests.swift in Sources */ = {isa = PBXBuildFile; fileRef = 84461FC15378C7C0EBD01EAD /* RegionStoreTests.swift */; };
		A0C2816A25B52F0B590E69A1 /* SuggestionSurfaceJourneyTests.swift in Sources */ = {isa = PBXBuildFile; fileRef = 44DA1C98317850BC1FCE7F98 /* SuggestionSurfaceJourneyTests.swift */; };
		A1BB8B183011669A09B1D49C /* MatchFeedback.swift in Sources */ = {isa = PBXBuildFile; fileRef = E3FE89A0049B517DF629F94D /* MatchFeedback.swift */; };
		A369882CBF0330DC4FF27C30 /* AppReset.swift in Sources */ = {isa = PBXBuildFile; fileRef = F32728F1183582BB532E5DBA /* AppReset.swift */; };
		A5DFF8517D0A39F7BCC035D0 /* ShoppingPlanCard.swift in Sources */ = {isa = PBXBuildFile; fileRef = AA0FF5B17E073D9F1D1CD226 /* ShoppingPlanCard.swift */; };
		A65B65D7829BA88264D8F3E5 /* MatchDetailView.swift in Sources */ = {isa = PBXBuildFile; fileRef = D2556F0A712FE98A27DDA2FC /* MatchDetailView.swift */; };
		A6D81B2AE53BBA405A8AC53E /* ProfileStoreTests.swift in Sources */ = {isa = PBXBuildFile; fileRef = 1295E37A49DB45382482897B /* ProfileStoreTests.swift */; };
		A9AEE1C6A0B4AE98C15FBC94 /* MatchFeedbackStoreTests.swift in Sources */ = {isa = PBXBuildFile; fileRef = 4611A227B8976BBAB5B2720C /* MatchFeedbackStoreTests.swift */; };
		AA33F8E50EBAEF95B1E642AE /* OfferProvenance.swift in Sources */ = {isa = PBXBuildFile; fileRef = 9E90DC884E195228E76A3DA8 /* OfferProvenance.swift */; };
		AB354EA1CBF2336E67F83251 /* OfferStoreTests.swift in Sources */ = {isa = PBXBuildFile; fileRef = 8ACB42975F2E495FFEA2E280 /* OfferStoreTests.swift */; };
		AD3F92B21D4AA7FF5067F690 /* MarketFilter.swift in Sources */ = {isa = PBXBuildFile; fileRef = 1FA3FD792432E79CEB31DED8 /* MarketFilter.swift */; };
		ADF3D3EE46AE495D21B3546D /* Market.swift in Sources */ = {isa = PBXBuildFile; fileRef = A9040B2D8216078FED3D842D /* Market.swift */; };
		AFF0FC1E564CFD1A83D7F7F1 /* CachedOffer.swift in Sources */ = {isa = PBXBuildFile; fileRef = 1BC690D3C53E8C2893A2C836 /* CachedOffer.swift */; };
		B3DEF6E9336AFD722658C8C8 /* OfferCacheTests.swift in Sources */ = {isa = PBXBuildFile; fileRef = 29FBE60AF1BC146BCB1A8C98 /* OfferCacheTests.swift */; };
		B3FB1C65C8EE8D849E20B79E /* APIConfig.swift in Sources */ = {isa = PBXBuildFile; fileRef = 93148C43EB4AA2F6D4BB5CA6 /* APIConfig.swift */; };
		B483A300B8ED0DC1AFFFA080 /* ShoppingListRanking.swift in Sources */ = {isa = PBXBuildFile; fileRef = 9A075F91DB546AECC6B2FE4E /* ShoppingListRanking.swift */; };
		B5639BF05F6F5CB60D326AF4 /* ShoppingListView.swift in Sources */ = {isa = PBXBuildFile; fileRef = E0A2231CEBE6ABCF4457246B /* ShoppingListView.swift */; };
		B7A1AAF88A9F4E60B341C348 /* OfferMatcherTests.swift in Sources */ = {isa = PBXBuildFile; fileRef = 41BD4794106F1BB7FC1EC958 /* OfferMatcherTests.swift */; };
		BA221A4765A54BAF58B86BD3 /* InstallIdJourneyTests.swift in Sources */ = {isa = PBXBuildFile; fileRef = A2442ECD347A27BB39A66696 /* InstallIdJourneyTests.swift */; };
		BA498F940E305DA55CACDAE1 /* PickerDirectory.swift in Sources */ = {isa = PBXBuildFile; fileRef = D96A99B7A7B3D8F094213CF8 /* PickerDirectory.swift */; };
		BAE0FD5A9D508901A12532EB /* TourStepView.swift in Sources */ = {isa = PBXBuildFile; fileRef = 8B69F4B5F8C8FB958DFEEDB7 /* TourStepView.swift */; };
		BD75ABA0125E25D3653E841E /* AreaRequest.swift in Sources */ = {isa = PBXBuildFile; fileRef = 3B5CCE99C46C9493361E2CBE /* AreaRequest.swift */; };
		BE7057A2F8E1C00A306774F3 /* ShoppingItem.swift in Sources */ = {isa = PBXBuildFile; fileRef = 7416666F21C46F8C82229876 /* ShoppingItem.swift */; };
		C09751F253E651B713832B95 /* OfferDetailView.swift in Sources */ = {isa = PBXBuildFile; fileRef = EEE1AC8F6716C11C294CBCE9 /* OfferDetailView.swift */; };
		C33952407C5C9B4B9DFB147B /* SpotlightRingTests.swift in Sources */ = {isa = PBXBuildFile; fileRef = 9476B754D24CEEA148265365 /* SpotlightRingTests.swift */; };
		CCAA533E7672482404F17545 /* OfferStore.swift in Sources */ = {isa = PBXBuildFile; fileRef = 5F76269277934B796DC60F20 /* OfferStore.swift */; };
		CF069A07BD1A761E11E3A48F /* ItemDetailVocabulary.swift in Sources */ = {isa = PBXBuildFile; fileRef = 62BDE33263A95B533A0BEF91 /* ItemDetailVocabulary.swift */; };
		CF54B7C158BBAB03D6DC8274 /* BranchTitleTests.swift in Sources */ = {isa = PBXBuildFile; fileRef = 990453A1F71B432367A53E4B /* BranchTitleTests.swift */; };
		D0EA64E0720DB77F1D5A5603 /* TutorialStore.swift in Sources */ = {isa = PBXBuildFile; fileRef = 8B20F7E9EC92327550D314DF /* TutorialStore.swift */; };
		D267335CB06F72F0CAD14CFE /* ProfileStepsView.swift in Sources */ = {isa = PBXBuildFile; fileRef = 7276DD33D8306EAB265E0BC1 /* ProfileStepsView.swift */; };
		D2DF331792259B988AAD0DD8 /* OnboardingFlowView.swift in Sources */ = {isa = PBXBuildFile; fileRef = 60DB14F5441FBE92C6B9BABB /* OnboardingFlowView.swift */; };
		D31BEDE6D289EAFD1DD21E0A /* Repositories.swift in Sources */ = {isa = PBXBuildFile; fileRef = B9BFDFCDE3927837043875B1 /* Repositories.swift */; };
		D69EE657C6AF3AC882F6ECC2 /* OfferDetailJourneyTests.swift in Sources */ = {isa = PBXBuildFile; fileRef = 7DDF96A167E5090688897757 /* OfferDetailJourneyTests.swift */; };
		D83DF28A997DFC48BE168360 /* MarketTests.swift in Sources */ = {isa = PBXBuildFile; fileRef = 9C6EC5A514D0BC9D94968D52 /* MarketTests.swift */; };
		DA7C8908B7B8CE845D895F81 /* OfferImageContentTests.swift in Sources */ = {isa = PBXBuildFile; fileRef = F107BE282A4ED89E0FB65529 /* OfferImageContentTests.swift */; };
		DF58D5D90A790FA201C31A5F /* AreaNoticeJourneyTests.swift in Sources */ = {isa = PBXBuildFile; fileRef = 93EA1D8120FEE3E7BB4EF154 /* AreaNoticeJourneyTests.swift */; };
		DF883A17CB51B463265CB477 /* AppearanceWindowBridge.swift in Sources */ = {isa = PBXBuildFile; fileRef = 9AFFABD363EDD868A5309B94 /* AppearanceWindowBridge.swift */; };
		DF8CE0FBB6D560876A6EC86A /* UserProfile.swift in Sources */ = {isa = PBXBuildFile; fileRef = DD1993DF1585C4BE18A0E2B5 /* UserProfile.swift */; };
		E04F424081BB6FA66ADFFE34 /* TutorialAnchor.swift in Sources */ = {isa = PBXBuildFile; fileRef = C73A32383487821E94E8F8DE /* TutorialAnchor.swift */; };
		E1A69AAF3FF5AAD433283B3D /* Theme.swift in Sources */ = {isa = PBXBuildFile; fileRef = E60DEF00707CD54C6A897349 /* Theme.swift */; };
		E1E8AEE2F8877334EA6D7042 /* APIKeys.plist in Resources */ = {isa = PBXBuildFile; fileRef = 2F149DE2ABC4BC50F8B39768 /* APIKeys.plist */; };
		E782CE5D24F823A65F8586D3 /* ProfileBranchTests.swift in Sources */ = {isa = PBXBuildFile; fileRef = CFD79D23352D6B4C5F51D7DF /* ProfileBranchTests.swift */; };
		E8158E83EA5475B08787DBC4 /* BranchTests.swift in Sources */ = {isa = PBXBuildFile; fileRef = B875EDDDF20D595E1294EECB /* BranchTests.swift */; };
		EE52664F6850E48B193908AF /* RegionStore.swift in Sources */ = {isa = PBXBuildFile; fileRef = 10C611EA5EB22F226401A2F2 /* RegionStore.swift */; };
		EFB32FA0E78A33020C1C94EC /* ShoppingListRowView.swift in Sources */ = {isa = PBXBuildFile; fileRef = 151682DC435E28945377F0E7 /* ShoppingListRowView.swift */; };
		EFB9DDD16B5BE4ED4AF98B4C /* ReviewNoteJourneyTests.swift in Sources */ = {isa = PBXBuildFile; fileRef = A478DEC8B0C1385464269E61 /* ReviewNoteJourneyTests.swift */; };
		F19EFA0F2F075C8F0C2525BF /* OfferQueryTests.swift in Sources */ = {isa = PBXBuildFile; fileRef = 123BD74C4362845AC370D5F3 /* OfferQueryTests.swift */; };
		F44436EFE23EEA528B5D27B8 /* UITestSupport.swift in Sources */ = {isa = PBXBuildFile; fileRef = FA9B35559D902F7671AF19A9 /* UITestSupport.swift */; };
		F77A0EB7C724609D6C9F0E19 /* SpotlightShape.swift in Sources */ = {isa = PBXBuildFile; fileRef = 93BC18BC46BCE0928582C823 /* SpotlightShape.swift */; };
		F8F60E0863C4DB896E842B47 /* TutorialOverlay.swift in Sources */ = {isa = PBXBuildFile; fileRef = 17D228E1A7E8711A671162D9 /* TutorialOverlay.swift */; };
		FB6F4D5012F3B86E32ABD4E8 /* KeyboardBackgroundJourneyTests.swift in Sources */ = {isa = PBXBuildFile; fileRef = 5AEBC07E09EFF6A6DFA5FFFE /* KeyboardBackgroundJourneyTests.swift */; };
		FD8C1E9EC88D6E1976A425CE /* RejectionFeedbackSheet.swift in Sources */ = {isa = PBXBuildFile; fileRef = 647A543C891A626804D53C84 /* RejectionFeedbackSheet.swift */; };
		FFBC41FB8493D0333C34C133 /* PickerDirectoryTests.swift in Sources */ = {isa = PBXBuildFile; fileRef = BA7F5DBF51DD8C16CBD07DBE /* PickerDirectoryTests.swift */; };
/* End PBXBuildFile section */

/* Begin PBXContainerItemProxy section */
		596F5A0F5344CF66D68A6D63 /* PBXContainerItemProxy */ = {
			isa = PBXContainerItemProxy;
			containerPortal = 12EBCD205679E13FB1A3B182 /* Project object */;
			proxyType = 1;
			remoteGlobalIDString = 7FB211B965ACDF13C4DB560D;
			remoteInfo = LeChariot;
		};
		62CBC226B905F89A28B7EF37 /* PBXContainerItemProxy */ = {
			isa = PBXContainerItemProxy;
			containerPortal = 12EBCD205679E13FB1A3B182 /* Project object */;
			proxyType = 1;
			remoteGlobalIDString = 7FB211B965ACDF13C4DB560D;
			remoteInfo = LeChariot;
		};
/* End PBXContainerItemProxy section */

/* Begin PBXFileReference section */
		013BBA69451C31CE72CBBF3D /* OfferCache.swift */ = {isa = PBXFileReference; lastKnownFileType = sourcecode.swift; path = OfferCache.swift; sourceTree = "<group>"; };
		068919EA90C495E306339C4A /* ItemDetailTests.swift */ = {isa = PBXFileReference; lastKnownFileType = sourcecode.swift; path = ItemDetailTests.swift; sourceTree = "<group>"; };
		06C2FAD7BF9107A6A5B0E813 /* LoadFailure.swift */ = {isa = PBXFileReference; lastKnownFileType = sourcecode.swift; path = LoadFailure.swift; sourceTree = "<group>"; };
		07359672A7664F3F184BD4BC /* AreaRequestStoreTests.swift */ = {isa = PBXFileReference; lastKnownFileType = sourcecode.swift; path = AreaRequestStoreTests.swift; sourceTree = "<group>"; };
		077E32320821AEDD589009C3 /* OnboardingJourneyTests.swift */ = {isa = PBXFileReference; lastKnownFileType = sourcecode.swift; path = OnboardingJourneyTests.swift; sourceTree = "<group>"; };
		0B8DBF1FFEC5112B920B78AF /* ShoppingListStore.swift */ = {isa = PBXFileReference; lastKnownFileType = sourcecode.swift; path = ShoppingListStore.swift; sourceTree = "<group>"; };
		0D4E5F6D14D5EBF07250BD27 /* MatchFeedbackStore.swift */ = {isa = PBXFileReference; lastKnownFileType = sourcecode.swift; path = MatchFeedbackStore.swift; sourceTree = "<group>"; };
		10BF4461D4FA990B518B402E /* SpotlightTransitionTests.swift */ = {isa = PBXFileReference; lastKnownFileType = sourcecode.swift; path = SpotlightTransitionTests.swift; sourceTree = "<group>"; };
		10C611EA5EB22F226401A2F2 /* RegionStore.swift */ = {isa = PBXFileReference; lastKnownFileType = sourcecode.swift; path = RegionStore.swift; sourceTree = "<group>"; };
		123BD74C4362845AC370D5F3 /* OfferQueryTests.swift */ = {isa = PBXFileReference; lastKnownFileType = sourcecode.swift; path = OfferQueryTests.swift; sourceTree = "<group>"; };
		1295E37A49DB45382482897B /* ProfileStoreTests.swift */ = {isa = PBXFileReference; lastKnownFileType = sourcecode.swift; path = ProfileStoreTests.swift; sourceTree = "<group>"; };
		12F8D70A89A245C75C6851F4 /* SupabaseClient.swift */ = {isa = PBXFileReference; lastKnownFileType = sourcecode.swift; path = SupabaseClient.swift; sourceTree = "<group>"; };
		151682DC435E28945377F0E7 /* ShoppingListRowView.swift */ = {isa = PBXFileReference; lastKnownFileType = sourcecode.swift; path = ShoppingListRowView.swift; sourceTree = "<group>"; };
		17D228E1A7E8711A671162D9 /* TutorialOverlay.swift */ = {isa = PBXFileReference; lastKnownFileType = sourcecode.swift; path = TutorialOverlay.swift; sourceTree = "<group>"; };
		1A9EABF5CFA9A2C0A694B54D /* SettingsView.swift */ = {isa = PBXFileReference; lastKnownFileType = sourcecode.swift; path = SettingsView.swift; sourceTree = "<group>"; };
		1BC690D3C53E8C2893A2C836 /* CachedOffer.swift */ = {isa = PBXFileReference; lastKnownFileType = sourcecode.swift; path = CachedOffer.swift; sourceTree = "<group>"; };
		1D800B453F51684C0315E512 /* PLZLocator.swift */ = {isa = PBXFileReference; lastKnownFileType = sourcecode.swift; path = PLZLocator.swift; sourceTree = "<group>"; };
		1FA3FD792432E79CEB31DED8 /* MarketFilter.swift */ = {isa = PBXFileReference; lastKnownFileType = sourcecode.swift; path = MarketFilter.swift; sourceTree = "<group>"; };
		235B5CB43B35A715D3C8B791 /* matching-woerterbuch.json */ = {isa = PBXFileReference; lastKnownFileType = text.json; path = "matching-woerterbuch.json"; sourceTree = "<group>"; };
		244C38B58D3568542C50049C /* MatchShelfTests.swift */ = {isa = PBXFileReference; lastKnownFileType = sourcecode.swift; path = MatchShelfTests.swift; sourceTree = "<group>"; };
		29FBE60AF1BC146BCB1A8C98 /* OfferCacheTests.swift */ = {isa = PBXFileReference; lastKnownFileType = sourcecode.swift; path = OfferCacheTests.swift; sourceTree = "<group>"; };
		2E3E846E81ED657EC69B5B88 /* AppRepositories.swift */ = {isa = PBXFileReference; lastKnownFileType = sourcecode.swift; path = AppRepositories.swift; sourceTree = "<group>"; };
		2F149DE2ABC4BC50F8B39768 /* APIKeys.plist */ = {isa = PBXFileReference; lastKnownFileType = text.plist; path = APIKeys.plist; sourceTree = "<group>"; };
		306502B13C18DF3689178E79 /* BranchRequestStore.swift */ = {isa = PBXFileReference; lastKnownFileType = sourcecode.swift; path = BranchRequestStore.swift; sourceTree = "<group>"; };
		31D8064CB703BCA72D155151 /* MatchRejectionStore.swift */ = {isa = PBXFileReference; lastKnownFileType = sourcecode.swift; path = MatchRejectionStore.swift; sourceTree = "<group>"; };
		339624315CBF239B010721F4 /* AppearanceWindowBridgeTests.swift */ = {isa = PBXFileReference; lastKnownFileType = sourcecode.swift; path = AppearanceWindowBridgeTests.swift; sourceTree = "<group>"; };
		39A6790E54550782540DD2EA /* PriceHistoryTests.swift */ = {isa = PBXFileReference; lastKnownFileType = sourcecode.swift; path = PriceHistoryTests.swift; sourceTree = "<group>"; };
		3B5CCE99C46C9493361E2CBE /* AreaRequest.swift */ = {isa = PBXFileReference; lastKnownFileType = sourcecode.swift; path = AreaRequest.swift; sourceTree = "<group>"; };
		3E915B0D5206042278F2C300 /* PriceHistoryStore.swift */ = {isa = PBXFileReference; lastKnownFileType = sourcecode.swift; path = PriceHistoryStore.swift; sourceTree = "<group>"; };
		4136F24FE5C87B2EF624DA5C /* OfferMatcher.swift */ = {isa = PBXFileReference; lastKnownFileType = sourcecode.swift; path = OfferMatcher.swift; sourceTree = "<group>"; };
		41BD4794106F1BB7FC1EC958 /* OfferMatcherTests.swift */ = {isa = PBXFileReference; lastKnownFileType = sourcecode.swift; path = OfferMatcherTests.swift; sourceTree = "<group>"; };
		4476F864C2C670C5B5A60F08 /* OfferAnalytics.swift */ = {isa = PBXFileReference; lastKnownFileType = sourcecode.swift; path = OfferAnalytics.swift; sourceTree = "<group>"; };
		44DA1C98317850BC1FCE7F98 /* SuggestionSurfaceJourneyTests.swift */ = {isa = PBXFileReference; lastKnownFileType = sourcecode.swift; path = SuggestionSurfaceJourneyTests.swift; sourceTree = "<group>"; };
		4611A227B8976BBAB5B2720C /* MatchFeedbackStoreTests.swift */ = {isa = PBXFileReference; lastKnownFileType = sourcecode.swift; path = MatchFeedbackStoreTests.swift; sourceTree = "<group>"; };
		48B3DBA14F679427A52A9AD0 /* LeChariotUITests.xctest */ = {isa = PBXFileReference; includeInIndex = 0; lastKnownFileType = wrapper.cfbundle; path = LeChariotUITests.xctest; sourceTree = BUILT_PRODUCTS_DIR; };
		4BD252D32A3EE522BCE2119C /* MarketPickerView.swift */ = {isa = PBXFileReference; lastKnownFileType = sourcecode.swift; path = MarketPickerView.swift; sourceTree = "<group>"; };
		4DCD27B7DF6A4FCD52079710 /* ShoppingListStoreTests.swift */ = {isa = PBXFileReference; lastKnownFileType = sourcecode.swift; path = ShoppingListStoreTests.swift; sourceTree = "<group>"; };
		4E57D390D832770158F323ED /* AccessibilityAuditTests.swift */ = {isa = PBXFileReference; lastKnownFileType = sourcecode.swift; path = AccessibilityAuditTests.swift; sourceTree = "<group>"; };
		56A33FF4D3E0A5DD20E58F32 /* OfferAnalyticsTests.swift */ = {isa = PBXFileReference; lastKnownFileType = sourcecode.swift; path = OfferAnalyticsTests.swift; sourceTree = "<group>"; };
		5AEBC07E09EFF6A6DFA5FFFE /* KeyboardBackgroundJourneyTests.swift */ = {isa = PBXFileReference; lastKnownFileType = sourcecode.swift; path = KeyboardBackgroundJourneyTests.swift; sourceTree = "<group>"; };
		5B23057004B598EFE72A2CCF /* AppDefaults.swift */ = {isa = PBXFileReference; lastKnownFileType = sourcecode.swift; path = AppDefaults.swift; sourceTree = "<group>"; };
		5E0F411BD66BA0E24290F178 /* PrivacyInfo.xcprivacy */ = {isa = PBXFileReference; path = PrivacyInfo.xcprivacy; sourceTree = "<group>"; };
		5E4CACBBD014A6D4BA61D2BD /* SuggestionSurfaceTests.swift */ = {isa = PBXFileReference; lastKnownFileType = sourcecode.swift; path = SuggestionSurfaceTests.swift; sourceTree = "<group>"; };
		5F76269277934B796DC60F20 /* OfferStore.swift */ = {isa = PBXFileReference; lastKnownFileType = sourcecode.swift; path = OfferStore.swift; sourceTree = "<group>"; };
		604E877329F269A5352F1E0F /* PurchaseHistoryStoreTests.swift */ = {isa = PBXFileReference; lastKnownFileType = sourcecode.swift; path = PurchaseHistoryStoreTests.swift; sourceTree = "<group>"; };
		60DB14F5441FBE92C6B9BABB /* OnboardingFlowView.swift */ = {isa = PBXFileReference; lastKnownFileType = sourcecode.swift; path = OnboardingFlowView.swift; sourceTree = "<group>"; };
		62BDE33263A95B533A0BEF91 /* ItemDetailVocabulary.swift */ = {isa = PBXFileReference; lastKnownFileType = sourcecode.swift; path = ItemDetailVocabulary.swift; sourceTree = "<group>"; };
		6448F0AE82476CEEC4230DB4 /* RegionSetupView.swift */ = {isa = PBXFileReference; lastKnownFileType = sourcecode.swift; path = RegionSetupView.swift; sourceTree = "<group>"; };
		647A543C891A626804D53C84 /* RejectionFeedbackSheet.swift */ = {isa = PBXFileReference; lastKnownFileType = sourcecode.swift; path = RejectionFeedbackSheet.swift; sourceTree = "<group>"; };
		6BBC2A3B643BBE2A473B57F2 /* ShoppingListInputJourneyTests.swift */ = {isa = PBXFileReference; lastKnownFileType = sourcecode.swift; path = ShoppingListInputJourneyTests.swift; sourceTree = "<group>"; };
		71A0B05C0B6121575AF85748 /* ShoppingListRankingTests.swift */ = {isa = PBXFileReference; lastKnownFileType = sourcecode.swift; path = ShoppingListRankingTests.swift; sourceTree = "<group>"; };
		71AD3AEE442A649B27BEECBF /* PurchaseHistoryStore.swift */ = {isa = PBXFileReference; lastKnownFileType = sourcecode.swift; path = PurchaseHistoryStore.swift; sourceTree = "<group>"; };
		7276DD33D8306EAB265E0BC1 /* ProfileStepsView.swift */ = {isa = PBXFileReference; lastKnownFileType = sourcecode.swift; path = ProfileStepsView.swift; sourceTree = "<group>"; };
		733186E11485448A9BAEDE5A /* MarketFilterTests.swift */ = {isa = PBXFileReference; lastKnownFileType = sourcecode.swift; path = MarketFilterTests.swift; sourceTree = "<group>"; };
		7416666F21C46F8C82229876 /* ShoppingItem.swift */ = {isa = PBXFileReference; lastKnownFileType = sourcecode.swift; path = ShoppingItem.swift; sourceTree = "<group>"; };
		761894A1F7C05226FDACA2FA /* AdSlot.swift */ = {isa = PBXFileReference; lastKnownFileType = sourcecode.swift; path = AdSlot.swift; sourceTree = "<group>"; };
		7A9D8435B451C3CC5B59F2F3 /* MatchFeedbackJourneyTests.swift */ = {isa = PBXFileReference; lastKnownFileType = sourcecode.swift; path = MatchFeedbackJourneyTests.swift; sourceTree = "<group>"; };
		7AF54061BCC52E8173C3B3E0 /* Assets.xcassets */ = {isa = PBXFileReference; lastKnownFileType = folder.assetcatalog; path = Assets.xcassets; sourceTree = "<group>"; };
		7DDF96A167E5090688897757 /* OfferDetailJourneyTests.swift */ = {isa = PBXFileReference; lastKnownFileType = sourcecode.swift; path = OfferDetailJourneyTests.swift; sourceTree = "<group>"; };
		84461FC15378C7C0EBD01EAD /* RegionStoreTests.swift */ = {isa = PBXFileReference; lastKnownFileType = sourcecode.swift; path = RegionStoreTests.swift; sourceTree = "<group>"; };
		894E6EFEB028761E5A95AA2A /* SpotlightTransition.swift */ = {isa = PBXFileReference; lastKnownFileType = sourcecode.swift; path = SpotlightTransition.swift; sourceTree = "<group>"; };
		8ACB42975F2E495FFEA2E280 /* OfferStoreTests.swift */ = {isa = PBXFileReference; lastKnownFileType = sourcecode.swift; path = OfferStoreTests.swift; sourceTree = "<group>"; };
		8B20F7E9EC92327550D314DF /* TutorialStore.swift */ = {isa = PBXFileReference; lastKnownFileType = sourcecode.swift; path = TutorialStore.swift; sourceTree = "<group>"; };
		8B69F4B5F8C8FB958DFEEDB7 /* TourStepView.swift */ = {isa = PBXFileReference; lastKnownFileType = sourcecode.swift; path = TourStepView.swift; sourceTree = "<group>"; };
		93148C43EB4AA2F6D4BB5CA6 /* APIConfig.swift */ = {isa = PBXFileReference; lastKnownFileType = sourcecode.swift; path = APIConfig.swift; sourceTree = "<group>"; };
		93BC18BC46BCE0928582C823 /* SpotlightShape.swift */ = {isa = PBXFileReference; lastKnownFileType = sourcecode.swift; path = SpotlightShape.swift; sourceTree = "<group>"; };
		93EA1D8120FEE3E7BB4EF154 /* AreaNoticeJourneyTests.swift */ = {isa = PBXFileReference; lastKnownFileType = sourcecode.swift; path = AreaNoticeJourneyTests.swift; sourceTree = "<group>"; };
		9476B754D24CEEA148265365 /* SpotlightRingTests.swift */ = {isa = PBXFileReference; lastKnownFileType = sourcecode.swift; path = SpotlightRingTests.swift; sourceTree = "<group>"; };
		9498A62F720A4CDF60E7C822 /* MotionTests.swift */ = {isa = PBXFileReference; lastKnownFileType = sourcecode.swift; path = MotionTests.swift; sourceTree = "<group>"; };
		95E2562A7F9C3DFEA3A1F1B8 /* BranchRequest.swift */ = {isa = PBXFileReference; lastKnownFileType = sourcecode.swift; path = BranchRequest.swift; sourceTree = "<group>"; };
		965633E574547736025B1070 /* TutorialJourneyTests.swift */ = {isa = PBXFileReference; lastKnownFileType = sourcecode.swift; path = TutorialJourneyTests.swift; sourceTree = "<group>"; };
		990453A1F71B432367A53E4B /* BranchTitleTests.swift */ = {isa = PBXFileReference; lastKnownFileType = sourcecode.swift; path = BranchTitleTests.swift; sourceTree = "<group>"; };
		9A075F91DB546AECC6B2FE4E /* ShoppingListRanking.swift */ = {isa = PBXFileReference; lastKnownFileType = sourcecode.swift; path = ShoppingListRanking.swift; sourceTree = "<group>"; };
		9AFFABD363EDD868A5309B94 /* AppearanceWindowBridge.swift */ = {isa = PBXFileReference; lastKnownFileType = sourcecode.swift; path = AppearanceWindowBridge.swift; sourceTree = "<group>"; };
		9C6EC5A514D0BC9D94968D52 /* MarketTests.swift */ = {isa = PBXFileReference; lastKnownFileType = sourcecode.swift; path = MarketTests.swift; sourceTree = "<group>"; };
		9DE35F9DB7EA75080DC933FE /* PriceHistoryPoint.swift */ = {isa = PBXFileReference; lastKnownFileType = sourcecode.swift; path = PriceHistoryPoint.swift; sourceTree = "<group>"; };
		9E90DC884E195228E76A3DA8 /* OfferProvenance.swift */ = {isa = PBXFileReference; lastKnownFileType = sourcecode.swift; path = OfferProvenance.swift; sourceTree = "<group>"; };
		A131D7DCE51C328D0986C625 /* OfferFilterJourneyTests.swift */ = {isa = PBXFileReference; lastKnownFileType = sourcecode.swift; path = OfferFilterJourneyTests.swift; sourceTree = "<group>"; };
		A2442ECD347A27BB39A66696 /* InstallIdJourneyTests.swift */ = {isa = PBXFileReference; lastKnownFileType = sourcecode.swift; path = InstallIdJourneyTests.swift; sourceTree = "<group>"; };
		A2D54CA2F7CD6F69B202434E /* LocatedPLZJourneyTests.swift */ = {isa = PBXFileReference; lastKnownFileType = sourcecode.swift; path = LocatedPLZJourneyTests.swift; sourceTree = "<group>"; };
		A478DEC8B0C1385464269E61 /* ReviewNoteJourneyTests.swift */ = {isa = PBXFileReference; lastKnownFileType = sourcecode.swift; path = ReviewNoteJourneyTests.swift; sourceTree = "<group>"; };
		A5414C5611E9D4E8F9AFDA07 /* ContentView.swift */ = {isa = PBXFileReference; lastKnownFileType = sourcecode.swift; path = ContentView.swift; sourceTree = "<group>"; };
		A6E3888444B33870F2CCF97B /* MatchDictionary.swift */ = {isa = PBXFileReference; lastKnownFileType = sourcecode.swift; path = MatchDictionary.swift; sourceTree = "<group>"; };
		A7BB877ECEA7A4D686EBCB4E /* SuggestionSurface.swift */ = {isa = PBXFileReference; lastKnownFileType = sourcecode.swift; path = SuggestionSurface.swift; sourceTree = "<group>"; };
		A9040B2D8216078FED3D842D /* Market.swift */ = {isa = PBXFileReference; lastKnownFileType = sourcecode.swift; path = Market.swift; sourceTree = "<group>"; };
		AA0FF5B17E073D9F1D1CD226 /* ShoppingPlanCard.swift */ = {isa = PBXFileReference; lastKnownFileType = sourcecode.swift; path = ShoppingPlanCard.swift; sourceTree = "<group>"; };
		AA138160FCA245A56EC21E73 /* Branch.swift */ = {isa = PBXFileReference; lastKnownFileType = sourcecode.swift; path = Branch.swift; sourceTree = "<group>"; };
		ABCA3AF53774305AC29D7EA9 /* CategorySymbolTests.swift */ = {isa = PBXFileReference; lastKnownFileType = sourcecode.swift; path = CategorySymbolTests.swift; sourceTree = "<group>"; };
		ACE5C2669AEFA6B6452C2326 /* OfferBranchFilterTests.swift */ = {isa = PBXFileReference; lastKnownFileType = sourcecode.swift; path = OfferBranchFilterTests.swift; sourceTree = "<group>"; };
		AE5D84E7FD7BFB1DC3EA7129 /* LiveRepositories.swift */ = {isa = PBXFileReference; lastKnownFileType = sourcecode.swift; path = LiveRepositories.swift; sourceTree = "<group>"; };
		AFEBF4CC0A8ED8DCE20AC8C6 /* LeChariotTests.xctest */ = {isa = PBXFileReference; includeInIndex = 0; lastKnownFileType = wrapper.cfbundle; path = LeChariotTests.xctest; sourceTree = BUILT_PRODUCTS_DIR; };
		B875EDDDF20D595E1294EECB /* BranchTests.swift */ = {isa = PBXFileReference; lastKnownFileType = sourcecode.swift; path = BranchTests.swift; sourceTree = "<group>"; };
		B9BFDFCDE3927837043875B1 /* Repositories.swift */ = {isa = PBXFileReference; lastKnownFileType = sourcecode.swift; path = Repositories.swift; sourceTree = "<group>"; };
		BA7F5DBF51DD8C16CBD07DBE /* PickerDirectoryTests.swift */ = {isa = PBXFileReference; lastKnownFileType = sourcecode.swift; path = PickerDirectoryTests.swift; sourceTree = "<group>"; };
		BD420AD34161A5E5B1521FE3 /* MockRepositoryTests.swift */ = {isa = PBXFileReference; lastKnownFileType = sourcecode.swift; path = MockRepositoryTests.swift; sourceTree = "<group>"; };
		BE3205064BB98F72C1F6EFF8 /* ProfileStore.swift */ = {isa = PBXFileReference; lastKnownFileType = sourcecode.swift; path = ProfileStore.swift; sourceTree = "<group>"; };
		C3E42237292FFC9E49CCBCFF /* ItemDetailSheet.swift */ = {isa = PBXFileReference; lastKnownFileType = sourcecode.swift; path = ItemDetailSheet.swift; sourceTree = "<group>"; };
		C549F3693733C383160479E6 /* BranchRequestStoreTests.swift */ = {isa = PBXFileReference; lastKnownFileType = sourcecode.swift; path = BranchRequestStoreTests.swift; sourceTree = "<group>"; };
		C73A32383487821E94E8F8DE /* TutorialAnchor.swift */ = {isa = PBXFileReference; lastKnownFileType = sourcecode.swift; path = TutorialAnchor.swift; sourceTree = "<group>"; };
		CEA2327E3E29216356945CA3 /* MultiRegionJourneyTests.swift */ = {isa = PBXFileReference; lastKnownFileType = sourcecode.swift; path = MultiRegionJourneyTests.swift; sourceTree = "<group>"; };
		CFD79D23352D6B4C5F51D7DF /* ProfileBranchTests.swift */ = {isa = PBXFileReference; lastKnownFileType = sourcecode.swift; path = ProfileBranchTests.swift; sourceTree = "<group>"; };
		D18A284202A7208FC262FFC2 /* RestartJourneyTests.swift */ = {isa = PBXFileReference; lastKnownFileType = sourcecode.swift; path = RestartJourneyTests.swift; sourceTree = "<group>"; };
		D2556F0A712FE98A27DDA2FC /* MatchDetailView.swift */ = {isa = PBXFileReference; lastKnownFileType = sourcecode.swift; path = MatchDetailView.swift; sourceTree = "<group>"; };
		D788470C564A715809FB014B /* OfferRowView.swift */ = {isa = PBXFileReference; lastKnownFileType = sourcecode.swift; path = OfferRowView.swift; sourceTree = "<group>"; };
		D96A99B7A7B3D8F094213CF8 /* PickerDirectory.swift */ = {isa = PBXFileReference; lastKnownFileType = sourcecode.swift; path = PickerDirectory.swift; sourceTree = "<group>"; };
		DACCE0BB944358A8E9E36792 /* LeChariotApp.swift */ = {isa = PBXFileReference; lastKnownFileType = sourcecode.swift; path = LeChariotApp.swift; sourceTree = "<group>"; };
		DC35901A5880CB5D3E2B1BA3 /* Categories.swift */ = {isa = PBXFileReference; lastKnownFileType = sourcecode.swift; path = Categories.swift; sourceTree = "<group>"; };
		DD1993DF1585C4BE18A0E2B5 /* UserProfile.swift */ = {isa = PBXFileReference; lastKnownFileType = sourcecode.swift; path = UserProfile.swift; sourceTree = "<group>"; };
		E0A2231CEBE6ABCF4457246B /* ShoppingListView.swift */ = {isa = PBXFileReference; lastKnownFileType = sourcecode.swift; path = ShoppingListView.swift; sourceTree = "<group>"; };
		E22EB15D7506D5F3EF6AB530 /* Offer.swift */ = {isa = PBXFileReference; lastKnownFileType = sourcecode.swift; path = Offer.swift; sourceTree = "<group>"; };
		E28B080B6573542BF1E58EC2 /* OfferProvenanceTests.swift */ = {isa = PBXFileReference; lastKnownFileType = sourcecode.swift; path = OfferProvenanceTests.swift; sourceTree = "<group>"; };
		E2972EE832CF0C1F49848DCA /* AreaRequestStore.swift */ = {isa = PBXFileReference; lastKnownFileType = sourcecode.swift; path = AreaRequestStore.swift; sourceTree = "<group>"; };
		E3EEDA6C283BDD9B46EF50FC /* MockRepositories.swift */ = {isa = PBXFileReference; lastKnownFileType = sourcecode.swift; path = MockRepositories.swift; sourceTree = "<group>"; };
		E3FE89A0049B517DF629F94D /* MatchFeedback.swift */ = {isa = PBXFileReference; lastKnownFileType = sourcecode.swift; path = MatchFeedback.swift; sourceTree = "<group>"; };
		E60DEF00707CD54C6A897349 /* Theme.swift */ = {isa = PBXFileReference; lastKnownFileType = sourcecode.swift; path = Theme.swift; sourceTree = "<group>"; };
		EE1FD8F93A35C5C9FD947A78 /* LeChariot.app */ = {isa = PBXFileReference; includeInIndex = 0; lastKnownFileType = wrapper.application; path = LeChariot.app; sourceTree = BUILT_PRODUCTS_DIR; };
		EEDB184C3A7B9E657793CAD7 /* OnboardingStepView.swift */ = {isa = PBXFileReference; lastKnownFileType = sourcecode.swift; path = OnboardingStepView.swift; sourceTree = "<group>"; };
		EEE1AC8F6716C11C294CBCE9 /* OfferDetailView.swift */ = {isa = PBXFileReference; lastKnownFileType = sourcecode.swift; path = OfferDetailView.swift; sourceTree = "<group>"; };
		EF404CE25C373766FD276214 /* ModelDecodingTests.swift */ = {isa = PBXFileReference; lastKnownFileType = sourcecode.swift; path = ModelDecodingTests.swift; sourceTree = "<group>"; };
		F03A93619A50143444197378 /* TutorialStoreTests.swift */ = {isa = PBXFileReference; lastKnownFileType = sourcecode.swift; path = TutorialStoreTests.swift; sourceTree = "<group>"; };
		F107BE282A4ED89E0FB65529 /* OfferImageContentTests.swift */ = {isa = PBXFileReference; lastKnownFileType = sourcecode.swift; path = OfferImageContentTests.swift; sourceTree = "<group>"; };
		F2AA8BB9D5D18F2F1B08421B /* ItemDetailJourneyTests.swift */ = {isa = PBXFileReference; lastKnownFileType = sourcecode.swift; path = ItemDetailJourneyTests.swift; sourceTree = "<group>"; };
		F32728F1183582BB532E5DBA /* AppReset.swift */ = {isa = PBXFileReference; lastKnownFileType = sourcecode.swift; path = AppReset.swift; sourceTree = "<group>"; };
		F6EF1D05EA99835E5E2E073C /* ConsentStepView.swift */ = {isa = PBXFileReference; lastKnownFileType = sourcecode.swift; path = ConsentStepView.swift; sourceTree = "<group>"; };
		F826415F9A5019BBEFB36748 /* OffersView.swift */ = {isa = PBXFileReference; lastKnownFileType = sourcecode.swift; path = OffersView.swift; sourceTree = "<group>"; };
		FA9B35559D902F7671AF19A9 /* UITestSupport.swift */ = {isa = PBXFileReference; lastKnownFileType = sourcecode.swift; path = UITestSupport.swift; sourceTree = "<group>"; };
/* End PBXFileReference section */

/* Begin PBXGroup section */
		157AAA106EB8DD0D67965C2F /* LeChariotTests */ = {
			isa = PBXGroup;
			children = (
				339624315CBF239B010721F4 /* AppearanceWindowBridgeTests.swift */,
				07359672A7664F3F184BD4BC /* AreaRequestStoreTests.swift */,
				C549F3693733C383160479E6 /* BranchRequestStoreTests.swift */,
				B875EDDDF20D595E1294EECB /* BranchTests.swift */,
				990453A1F71B432367A53E4B /* BranchTitleTests.swift */,
				ABCA3AF53774305AC29D7EA9 /* CategorySymbolTests.swift */,
				068919EA90C495E306339C4A /* ItemDetailTests.swift */,
				733186E11485448A9BAEDE5A /* MarketFilterTests.swift */,
				9C6EC5A514D0BC9D94968D52 /* MarketTests.swift */,
				4611A227B8976BBAB5B2720C /* MatchFeedbackStoreTests.swift */,
				244C38B58D3568542C50049C /* MatchShelfTests.swift */,
				BD420AD34161A5E5B1521FE3 /* MockRepositoryTests.swift */,
				EF404CE25C373766FD276214 /* ModelDecodingTests.swift */,
				9498A62F720A4CDF60E7C822 /* MotionTests.swift */,
				56A33FF4D3E0A5DD20E58F32 /* OfferAnalyticsTests.swift */,
				ACE5C2669AEFA6B6452C2326 /* OfferBranchFilterTests.swift */,
				29FBE60AF1BC146BCB1A8C98 /* OfferCacheTests.swift */,
				F107BE282A4ED89E0FB65529 /* OfferImageContentTests.swift */,
				41BD4794106F1BB7FC1EC958 /* OfferMatcherTests.swift */,
				E28B080B6573542BF1E58EC2 /* OfferProvenanceTests.swift */,
				123BD74C4362845AC370D5F3 /* OfferQueryTests.swift */,
				8ACB42975F2E495FFEA2E280 /* OfferStoreTests.swift */,
				BA7F5DBF51DD8C16CBD07DBE /* PickerDirectoryTests.swift */,
				39A6790E54550782540DD2EA /* PriceHistoryTests.swift */,
				CFD79D23352D6B4C5F51D7DF /* ProfileBranchTests.swift */,
				1295E37A49DB45382482897B /* ProfileStoreTests.swift */,
				604E877329F269A5352F1E0F /* PurchaseHistoryStoreTests.swift */,
				84461FC15378C7C0EBD01EAD /* RegionStoreTests.swift */,
				71A0B05C0B6121575AF85748 /* ShoppingListRankingTests.swift */,
				4DCD27B7DF6A4FCD52079710 /* ShoppingListStoreTests.swift */,
				9476B754D24CEEA148265365 /* SpotlightRingTests.swift */,
				10BF4461D4FA990B518B402E /* SpotlightTransitionTests.swift */,
				5E4CACBBD014A6D4BA61D2BD /* SuggestionSurfaceTests.swift */,
				F03A93619A50143444197378 /* TutorialStoreTests.swift */,
			);
			path = LeChariotTests;
			sourceTree = "<group>";
		};
		17C4A2E8152797DECF64E733 = {
			isa = PBXGroup;
			children = (
				F36AFF30B39F433B3196982D /* LeChariot */,
				157AAA106EB8DD0D67965C2F /* LeChariotTests */,
				437404CC272A4F2345664473 /* LeChariotUITests */,
				25440ED2E5990608C669443F /* Products */,
			);
			sourceTree = "<group>";
		};
		25440ED2E5990608C669443F /* Products */ = {
			isa = PBXGroup;
			children = (
				EE1FD8F93A35C5C9FD947A78 /* LeChariot.app */,
				AFEBF4CC0A8ED8DCE20AC8C6 /* LeChariotTests.xctest */,
				48B3DBA14F679427A52A9AD0 /* LeChariotUITests.xctest */,
			);
			name = Products;
			sourceTree = "<group>";
		};
		2E8439BD5C3D64BC38069B7B /* DesignSystem */ = {
			isa = PBXGroup;
			children = (
				9AFFABD363EDD868A5309B94 /* AppearanceWindowBridge.swift */,
				E60DEF00707CD54C6A897349 /* Theme.swift */,
			);
			path = DesignSystem;
			sourceTree = "<group>";
		};
		32C27291FA01346D8C93308B /* Analytics */ = {
			isa = PBXGroup;
			children = (
				4476F864C2C670C5B5A60F08 /* OfferAnalytics.swift */,
				9A075F91DB546AECC6B2FE4E /* ShoppingListRanking.swift */,
			);
			path = Analytics;
			sourceTree = "<group>";
		};
		437404CC272A4F2345664473 /* LeChariotUITests */ = {
			isa = PBXGroup;
			children = (
				4E57D390D832770158F323ED /* AccessibilityAuditTests.swift */,
				93EA1D8120FEE3E7BB4EF154 /* AreaNoticeJourneyTests.swift */,
				A2442ECD347A27BB39A66696 /* InstallIdJourneyTests.swift */,
				F2AA8BB9D5D18F2F1B08421B /* ItemDetailJourneyTests.swift */,
				5AEBC07E09EFF6A6DFA5FFFE /* KeyboardBackgroundJourneyTests.swift */,
				A2D54CA2F7CD6F69B202434E /* LocatedPLZJourneyTests.swift */,
				7A9D8435B451C3CC5B59F2F3 /* MatchFeedbackJourneyTests.swift */,
				CEA2327E3E29216356945CA3 /* MultiRegionJourneyTests.swift */,
				7DDF96A167E5090688897757 /* OfferDetailJourneyTests.swift */,
				A131D7DCE51C328D0986C625 /* OfferFilterJourneyTests.swift */,
				077E32320821AEDD589009C3 /* OnboardingJourneyTests.swift */,
				D18A284202A7208FC262FFC2 /* RestartJourneyTests.swift */,
				A478DEC8B0C1385464269E61 /* ReviewNoteJourneyTests.swift */,
				6BBC2A3B643BBE2A473B57F2 /* ShoppingListInputJourneyTests.swift */,
				44DA1C98317850BC1FCE7F98 /* SuggestionSurfaceJourneyTests.swift */,
				965633E574547736025B1070 /* TutorialJourneyTests.swift */,
			);
			path = LeChariotUITests;
			sourceTree = "<group>";
		};
		58190A51BBDAB0A6522A9BB3 /* Networking */ = {
			isa = PBXGroup;
			children = (
				06C2FAD7BF9107A6A5B0E813 /* LoadFailure.swift */,
				12F8D70A89A245C75C6851F4 /* SupabaseClient.swift */,
			);
			path = Networking;
			sourceTree = "<group>";
		};
		6238F831CAD073D9EDFE6658 /* Ads */ = {
			isa = PBXGroup;
			children = (
				761894A1F7C05226FDACA2FA /* AdSlot.swift */,
			);
			path = Ads;
			sourceTree = "<group>";
		};
		6FDDB55582D653E353D61A8E /* Repositories */ = {
			isa = PBXGroup;
			children = (
				AE5D84E7FD7BFB1DC3EA7129 /* LiveRepositories.swift */,
				E3EEDA6C283BDD9B46EF50FC /* MockRepositories.swift */,
				B9BFDFCDE3927837043875B1 /* Repositories.swift */,
			);
			path = Repositories;
			sourceTree = "<group>";
		};
		7161AEBE76BC529F32A18051 /* ShoppingList */ = {
			isa = PBXGroup;
			children = (
				C3E42237292FFC9E49CCBCFF /* ItemDetailSheet.swift */,
				D2556F0A712FE98A27DDA2FC /* MatchDetailView.swift */,
				647A543C891A626804D53C84 /* RejectionFeedbackSheet.swift */,
				151682DC435E28945377F0E7 /* ShoppingListRowView.swift */,
				E0A2231CEBE6ABCF4457246B /* ShoppingListView.swift */,
				AA0FF5B17E073D9F1D1CD226 /* ShoppingPlanCard.swift */,
				A7BB877ECEA7A4D686EBCB4E /* SuggestionSurface.swift */,
			);
			path = ShoppingList;
			sourceTree = "<group>";
		};
		76F88104A6CA813C49CE1350 /* Views */ = {
			isa = PBXGroup;
			children = (
				A5414C5611E9D4E8F9AFDA07 /* ContentView.swift */,
				6238F831CAD073D9EDFE6658 /* Ads */,
				C247AF781C643872AD618EA8 /* Offers */,
				99BC28B4E3F9AF0AD4CFAC0A /* Onboarding */,
				FA075DBCB7983C5DE51B92BB /* Settings */,
				7161AEBE76BC529F32A18051 /* ShoppingList */,
				C6BCF2902C65BB2C29604023 /* Tutorial */,
			);
			path = Views;
			sourceTree = "<group>";
		};
		8A68A8F909AA1E1CEA00DF26 /* App */ = {
			isa = PBXGroup;
			children = (
				DACCE0BB944358A8E9E36792 /* LeChariotApp.swift */,
			);
			path = App;
			sourceTree = "<group>";
		};
		99BC28B4E3F9AF0AD4CFAC0A /* Onboarding */ = {
			isa = PBXGroup;
			children = (
				F6EF1D05EA99835E5E2E073C /* ConsentStepView.swift */,
				4BD252D32A3EE522BCE2119C /* MarketPickerView.swift */,
				60DB14F5441FBE92C6B9BABB /* OnboardingFlowView.swift */,
				EEDB184C3A7B9E657793CAD7 /* OnboardingStepView.swift */,
				1D800B453F51684C0315E512 /* PLZLocator.swift */,
				7276DD33D8306EAB265E0BC1 /* ProfileStepsView.swift */,
				6448F0AE82476CEEC4230DB4 /* RegionSetupView.swift */,
				8B69F4B5F8C8FB958DFEEDB7 /* TourStepView.swift */,
			);
			path = Onboarding;
			sourceTree = "<group>";
		};
		A9B31126FCBB920ECFBB3405 /* Persistence */ = {
			isa = PBXGroup;
			children = (
				1BC690D3C53E8C2893A2C836 /* CachedOffer.swift */,
				013BBA69451C31CE72CBBF3D /* OfferCache.swift */,
			);
			path = Persistence;
			sourceTree = "<group>";
		};
		C1C30E2064402A5616DB4FD5 /* Config */ = {
			isa = PBXGroup;
			children = (
				93148C43EB4AA2F6D4BB5CA6 /* APIConfig.swift */,
				5B23057004B598EFE72A2CCF /* AppDefaults.swift */,
				2E3E846E81ED657EC69B5B88 /* AppRepositories.swift */,
			);
			path = Config;
			sourceTree = "<group>";
		};
		C247AF781C643872AD618EA8 /* Offers */ = {
			isa = PBXGroup;
			children = (
				EEE1AC8F6716C11C294CBCE9 /* OfferDetailView.swift */,
				D788470C564A715809FB014B /* OfferRowView.swift */,
				F826415F9A5019BBEFB36748 /* OffersView.swift */,
			);
			path = Offers;
			sourceTree = "<group>";
		};
		C5A72942AF6AF9854E715658 /* Debug */ = {
			isa = PBXGroup;
			children = (
				FA9B35559D902F7671AF19A9 /* UITestSupport.swift */,
			);
			path = Debug;
			sourceTree = "<group>";
		};
		C6598AA8AFCFE3D567CC94DB /* Resources */ = {
			isa = PBXGroup;
			children = (
				2F149DE2ABC4BC50F8B39768 /* APIKeys.plist */,
				235B5CB43B35A715D3C8B791 /* matching-woerterbuch.json */,
				5E0F411BD66BA0E24290F178 /* PrivacyInfo.xcprivacy */,
			);
			path = Resources;
			sourceTree = "<group>";
		};
		C6BCF2902C65BB2C29604023 /* Tutorial */ = {
			isa = PBXGroup;
			children = (
				93BC18BC46BCE0928582C823 /* SpotlightShape.swift */,
				894E6EFEB028761E5A95AA2A /* SpotlightTransition.swift */,
				C73A32383487821E94E8F8DE /* TutorialAnchor.swift */,
				17D228E1A7E8711A671162D9 /* TutorialOverlay.swift */,
			);
			path = Tutorial;
			sourceTree = "<group>";
		};
		F042A461A4B994534BABAF26 /* Models */ = {
			isa = PBXGroup;
			children = (
				3B5CCE99C46C9493361E2CBE /* AreaRequest.swift */,
				AA138160FCA245A56EC21E73 /* Branch.swift */,
				95E2562A7F9C3DFEA3A1F1B8 /* BranchRequest.swift */,
				DC35901A5880CB5D3E2B1BA3 /* Categories.swift */,
				62BDE33263A95B533A0BEF91 /* ItemDetailVocabulary.swift */,
				A9040B2D8216078FED3D842D /* Market.swift */,
				1FA3FD792432E79CEB31DED8 /* MarketFilter.swift */,
				A6E3888444B33870F2CCF97B /* MatchDictionary.swift */,
				E3FE89A0049B517DF629F94D /* MatchFeedback.swift */,
				E22EB15D7506D5F3EF6AB530 /* Offer.swift */,
				4136F24FE5C87B2EF624DA5C /* OfferMatcher.swift */,
				9E90DC884E195228E76A3DA8 /* OfferProvenance.swift */,
				D96A99B7A7B3D8F094213CF8 /* PickerDirectory.swift */,
				9DE35F9DB7EA75080DC933FE /* PriceHistoryPoint.swift */,
				7416666F21C46F8C82229876 /* ShoppingItem.swift */,
				DD1993DF1585C4BE18A0E2B5 /* UserProfile.swift */,
			);
			path = Models;
			sourceTree = "<group>";
		};
		F36AFF30B39F433B3196982D /* LeChariot */ = {
			isa = PBXGroup;
			children = (
				F32728F1183582BB532E5DBA /* AppReset.swift */,
				7AF54061BCC52E8173C3B3E0 /* Assets.xcassets */,
				32C27291FA01346D8C93308B /* Analytics */,
				8A68A8F909AA1E1CEA00DF26 /* App */,
				C1C30E2064402A5616DB4FD5 /* Config */,
				C5A72942AF6AF9854E715658 /* Debug */,
				2E8439BD5C3D64BC38069B7B /* DesignSystem */,
				F042A461A4B994534BABAF26 /* Models */,
				58190A51BBDAB0A6522A9BB3 /* Networking */,
				A9B31126FCBB920ECFBB3405 /* Persistence */,
				6FDDB55582D653E353D61A8E /* Repositories */,
				C6598AA8AFCFE3D567CC94DB /* Resources */,
				FDD2C326C35E67814A8EBF77 /* Stores */,
				76F88104A6CA813C49CE1350 /* Views */,
			);
			path = LeChariot;
			sourceTree = "<group>";
		};
		FA075DBCB7983C5DE51B92BB /* Settings */ = {
			isa = PBXGroup;
			children = (
				1A9EABF5CFA9A2C0A694B54D /* SettingsView.swift */,
			);
			path = Settings;
			sourceTree = "<group>";
		};
		FDD2C326C35E67814A8EBF77 /* Stores */ = {
			isa = PBXGroup;
			children = (
				E2972EE832CF0C1F49848DCA /* AreaRequestStore.swift */,
				306502B13C18DF3689178E79 /* BranchRequestStore.swift */,
				0D4E5F6D14D5EBF07250BD27 /* MatchFeedbackStore.swift */,
				31D8064CB703BCA72D155151 /* MatchRejectionStore.swift */,
				5F76269277934B796DC60F20 /* OfferStore.swift */,
				3E915B0D5206042278F2C300 /* PriceHistoryStore.swift */,
				BE3205064BB98F72C1F6EFF8 /* ProfileStore.swift */,
				71AD3AEE442A649B27BEECBF /* PurchaseHistoryStore.swift */,
				10C611EA5EB22F226401A2F2 /* RegionStore.swift */,
				0B8DBF1FFEC5112B920B78AF /* ShoppingListStore.swift */,
				8B20F7E9EC92327550D314DF /* TutorialStore.swift */,
			);
			path = Stores;
			sourceTree = "<group>";
		};
/* End PBXGroup section */

/* Begin PBXNativeTarget section */
		0BC1879975909386C78BE3E3 /* LeChariotUITests */ = {
			isa = PBXNativeTarget;
			buildConfigurationList = 0242FCC6A582657B0FE6A3EF /* Build configuration list for PBXNativeTarget "LeChariotUITests" */;
			buildPhases = (
				DE4B2FC766307B560B9FED27 /* Sources */,
			);
			buildRules = (
			);
			dependencies = (
				98E91D6EFEFB98FA1E952BB8 /* PBXTargetDependency */,
			);
			name = LeChariotUITests;
			packageProductDependencies = (
			);
			productName = LeChariotUITests;
			productReference = 48B3DBA14F679427A52A9AD0 /* LeChariotUITests.xctest */;
			productType = "com.apple.product-type.bundle.ui-testing";
		};
		2CB4CE07DE81E5D34DE6407F /* LeChariotTests */ = {
			isa = PBXNativeTarget;
			buildConfigurationList = 63D179D66FF593C7B27EE41E /* Build configuration list for PBXNativeTarget "LeChariotTests" */;
			buildPhases = (
				9EC327035132CD41E47A3536 /* Sources */,
			);
			buildRules = (
			);
			dependencies = (
				02BB1ADB460330646CB47FD0 /* PBXTargetDependency */,
			);
			name = LeChariotTests;
			packageProductDependencies = (
			);
			productName = LeChariotTests;
			productReference = AFEBF4CC0A8ED8DCE20AC8C6 /* LeChariotTests.xctest */;
			productType = "com.apple.product-type.bundle.unit-test";
		};
		7FB211B965ACDF13C4DB560D /* LeChariot */ = {
			isa = PBXNativeTarget;
			buildConfigurationList = 17B33D02187A649AE33D02C4 /* Build configuration list for PBXNativeTarget "LeChariot" */;
			buildPhases = (
				DCAA7CF50E211AA36DF55ACE /* Sources */,
				1A25D193199163D6739B0826 /* Resources */,
			);
			buildRules = (
			);
			dependencies = (
			);
			name = LeChariot;
			packageProductDependencies = (
			);
			productName = LeChariot;
			productReference = EE1FD8F93A35C5C9FD947A78 /* LeChariot.app */;
			productType = "com.apple.product-type.application";
		};
/* End PBXNativeTarget section */

/* Begin PBXProject section */
		12EBCD205679E13FB1A3B182 /* Project object */ = {
			isa = PBXProject;
			attributes = {
				BuildIndependentTargetsInParallel = YES;
				LastUpgradeCheck = 1430;
				TargetAttributes = {
					0BC1879975909386C78BE3E3 = {
						DevelopmentTeam = 3DZ9T8SGX5;
						TestTargetID = 7FB211B965ACDF13C4DB560D;
					};
					2CB4CE07DE81E5D34DE6407F = {
						DevelopmentTeam = 3DZ9T8SGX5;
					};
					7FB211B965ACDF13C4DB560D = {
						DevelopmentTeam = 3DZ9T8SGX5;
					};
				};
			};
			buildConfigurationList = C06E1C4AE05C94EF0EEACECB /* Build configuration list for PBXProject "LeChariot" */;
			developmentRegion = en;
			hasScannedForEncodings = 0;
			knownRegions = (
				Base,
				en,
			);
			mainGroup = 17C4A2E8152797DECF64E733;
			minimizedProjectReferenceProxies = 1;
			preferredProjectObjectVersion = 77;
			productRefGroup = 25440ED2E5990608C669443F /* Products */;
			projectDirPath = "";
			projectRoot = "";
			targets = (
				7FB211B965ACDF13C4DB560D /* LeChariot */,
				2CB4CE07DE81E5D34DE6407F /* LeChariotTests */,
				0BC1879975909386C78BE3E3 /* LeChariotUITests */,
			);
		};
/* End PBXProject section */

/* Begin PBXResourcesBuildPhase section */
		1A25D193199163D6739B0826 /* Resources */ = {
			isa = PBXResourcesBuildPhase;
			buildActionMask = 2147483647;
			files = (
				E1E8AEE2F8877334EA6D7042 /* APIKeys.plist in Resources */,
				697C537B2AFA664B76EC9C63 /* Assets.xcassets in Resources */,
				0CBDAC11429B86B4BD9493B0 /* PrivacyInfo.xcprivacy in Resources */,
				45516EA9CFCBC3D8475820B5 /* matching-woerterbuch.json in Resources */,
			);
			runOnlyForDeploymentPostprocessing = 0;
		};
/* End PBXResourcesBuildPhase section */

/* Begin PBXSourcesBuildPhase section */
		9EC327035132CD41E47A3536 /* Sources */ = {
			isa = PBXSourcesBuildPhase;
			buildActionMask = 2147483647;
			files = (
				5EB566DE9037A839FD1C6785 /* AppearanceWindowBridgeTests.swift in Sources */,
				2057B9D8FFBAC863A9D2F66D /* AreaRequestStoreTests.swift in Sources */,
				76532A2EB27D62670B17B0A4 /* BranchRequestStoreTests.swift in Sources */,
				E8158E83EA5475B08787DBC4 /* BranchTests.swift in Sources */,
				CF54B7C158BBAB03D6DC8274 /* BranchTitleTests.swift in Sources */,
				1610E1CE653C317F874E09F9 /* CategorySymbolTests.swift in Sources */,
				5446AE78C4DBDD8070F364A2 /* ItemDetailTests.swift in Sources */,
				5D7D44C5ACFF452867D4B1B0 /* MarketFilterTests.swift in Sources */,
				D83DF28A997DFC48BE168360 /* MarketTests.swift in Sources */,
				A9AEE1C6A0B4AE98C15FBC94 /* MatchFeedbackStoreTests.swift in Sources */,
				6B6A9629883A5FF91F28FABF /* MatchShelfTests.swift in Sources */,
				8ACD90D517FD3658B117E63F /* MockRepositoryTests.swift in Sources */,
				8920EDBEB99CD425B2F6712B /* ModelDecodingTests.swift in Sources */,
				57AAAF9B1D293D70BAEF929D /* MotionTests.swift in Sources */,
				6BA21649B136D9D764067807 /* OfferAnalyticsTests.swift in Sources */,
				03BCA98CCDE3329699506DEC /* OfferBranchFilterTests.swift in Sources */,
				B3DEF6E9336AFD722658C8C8 /* OfferCacheTests.swift in Sources */,
				DA7C8908B7B8CE845D895F81 /* OfferImageContentTests.swift in Sources */,
				B7A1AAF88A9F4E60B341C348 /* OfferMatcherTests.swift in Sources */,
				8429A151004224201BFD1282 /* OfferProvenanceTests.swift in Sources */,
				F19EFA0F2F075C8F0C2525BF /* OfferQueryTests.swift in Sources */,
				AB354EA1CBF2336E67F83251 /* OfferStoreTests.swift in Sources */,
				FFBC41FB8493D0333C34C133 /* PickerDirectoryTests.swift in Sources */,
				0E4565A94351B610A3642124 /* PriceHistoryTests.swift in Sources */,
				E782CE5D24F823A65F8586D3 /* ProfileBranchTests.swift in Sources */,
				A6D81B2AE53BBA405A8AC53E /* ProfileStoreTests.swift in Sources */,
				4AA11EB4461C85B88B5B5762 /* PurchaseHistoryStoreTests.swift in Sources */,
				A058CF1E18B9F2129F39B194 /* RegionStoreTests.swift in Sources */,
				62F7DE5D523677DCE2C11F84 /* ShoppingListRankingTests.swift in Sources */,
				6DA8349F2F97606C0AC4AF69 /* ShoppingListStoreTests.swift in Sources */,
				C33952407C5C9B4B9DFB147B /* SpotlightRingTests.swift in Sources */,
				70FF1CE1FE006115B485A91D /* SpotlightTransitionTests.swift in Sources */,
				0A8A98003F355DE7128180DF /* SuggestionSurfaceTests.swift in Sources */,
				559A1718BAF84911937E0438 /* TutorialStoreTests.swift in Sources */,
			);
			runOnlyForDeploymentPostprocessing = 0;
		};
		DCAA7CF50E211AA36DF55ACE /* Sources */ = {
			isa = PBXSourcesBuildPhase;
			buildActionMask = 2147483647;
			files = (
				B3FB1C65C8EE8D849E20B79E /* APIConfig.swift in Sources */,
				22E1700D0C412F27A60762EA /* AdSlot.swift in Sources */,
				0ED5098F092B30437F5E96F7 /* AppDefaults.swift in Sources */,
				7A093EA7706CCBBECD4645DD /* AppRepositories.swift in Sources */,
				A369882CBF0330DC4FF27C30 /* AppReset.swift in Sources */,
				DF883A17CB51B463265CB477 /* AppearanceWindowBridge.swift in Sources */,
				BD75ABA0125E25D3653E841E /* AreaRequest.swift in Sources */,
				00E08E1CB4F29B8D9A10B99E /* AreaRequestStore.swift in Sources */,
				9A3DADC48CD248E714CEBFA2 /* Branch.swift in Sources */,
				95FBD828D302563EBC5CC1BD /* BranchRequest.swift in Sources */,
				8493FE1F7BB9993F94B3823E /* BranchRequestStore.swift in Sources */,
				AFF0FC1E564CFD1A83D7F7F1 /* CachedOffer.swift in Sources */,
				378862DCFBC33DF6D3276BD6 /* Categories.swift in Sources */,
				2AB61ED05906633F3FDBC9B8 /* ConsentStepView.swift in Sources */,
				63A4FC3FC6CF796D17DF7355 /* ContentView.swift in Sources */,
				15BDE5AB46E6FD0569826D78 /* ItemDetailSheet.swift in Sources */,
				CF069A07BD1A761E11E3A48F /* ItemDetailVocabulary.swift in Sources */,
				3BFE78271F7C2C7E3079464B /* LeChariotApp.swift in Sources */,
				0E0235EB1E68EF41B96AFD38 /* LiveRepositories.swift in Sources */,
				148A98D98557D5228E03AA84 /* LoadFailure.swift in Sources */,
				ADF3D3EE46AE495D21B3546D /* Market.swift in Sources */,
				AD3F92B21D4AA7FF5067F690 /* MarketFilter.swift in Sources */,
				7A006A1FE6EDACB011F348B2 /* MarketPickerView.swift in Sources */,
				A65B65D7829BA88264D8F3E5 /* MatchDetailView.swift in Sources */,
				1D32B2419CBCFBAAF6AC6DB9 /* MatchDictionary.swift in Sources */,
				A1BB8B183011669A09B1D49C /* MatchFeedback.swift in Sources */,
				36891B9C13CF47C4B5739E29 /* MatchFeedbackStore.swift in Sources */,
				351713A908D90B4FEA54411A /* MatchRejectionStore.swift in Sources */,
				96B4FC80C20A85631974EED8 /* MockRepositories.swift in Sources */,
				62CC6F27C2E93A0D76D5E7C2 /* Offer.swift in Sources */,
				2BD32204C1D8F38E13C7A148 /* OfferAnalytics.swift in Sources */,
				1ABF73D0FE837786CB85B5D6 /* OfferCache.swift in Sources */,
				C09751F253E651B713832B95 /* OfferDetailView.swift in Sources */,
				068610CB2096633DF7F4EE88 /* OfferMatcher.swift in Sources */,
				AA33F8E50EBAEF95B1E642AE /* OfferProvenance.swift in Sources */,
				394D1967FF955B0C864A9333 /* OfferRowView.swift in Sources */,
				CCAA533E7672482404F17545 /* OfferStore.swift in Sources */,
				3F5F6D3D2B14F07D477892A6 /* OffersView.swift in Sources */,
				D2DF331792259B988AAD0DD8 /* OnboardingFlowView.swift in Sources */,
				932AFD2F16AE5BEE8BB178F5 /* OnboardingStepView.swift in Sources */,
				88778001056F59AB3200C144 /* PLZLocator.swift in Sources */,
				BA498F940E305DA55CACDAE1 /* PickerDirectory.swift in Sources */,
				418EF9D4115B6D9D97E97EAA /* PriceHistoryPoint.swift in Sources */,
				96EBA59190334156698E2A8C /* PriceHistoryStore.swift in Sources */,
				D267335CB06F72F0CAD14CFE /* ProfileStepsView.swift in Sources */,
				829997B558A3AD68DA70B8E2 /* ProfileStore.swift in Sources */,
				8C50279200A173188997DFE1 /* PurchaseHistoryStore.swift in Sources */,
				7C48E7DAAA0BB9433D476802 /* RegionSetupView.swift in Sources */,
				EE52664F6850E48B193908AF /* RegionStore.swift in Sources */,
				FD8C1E9EC88D6E1976A425CE /* RejectionFeedbackSheet.swift in Sources */,
				D31BEDE6D289EAFD1DD21E0A /* Repositories.swift in Sources */,
				58A0B40A154D0516A521E3B9 /* SettingsView.swift in Sources */,
				BE7057A2F8E1C00A306774F3 /* ShoppingItem.swift in Sources */,
				B483A300B8ED0DC1AFFFA080 /* ShoppingListRanking.swift in Sources */,
				EFB32FA0E78A33020C1C94EC /* ShoppingListRowView.swift in Sources */,
				1148F5958E64FBE2788BE134 /* ShoppingListStore.swift in Sources */,
				B5639BF05F6F5CB60D326AF4 /* ShoppingListView.swift in Sources */,
				A5DFF8517D0A39F7BCC035D0 /* ShoppingPlanCard.swift in Sources */,
				F77A0EB7C724609D6C9F0E19 /* SpotlightShape.swift in Sources */,
				772309E872C55813F0D87F25 /* SpotlightTransition.swift in Sources */,
				334CF691C906D38CD9643C0B /* SuggestionSurface.swift in Sources */,
				63D39D7DCEFC804DA46FB0E5 /* SupabaseClient.swift in Sources */,
				E1A69AAF3FF5AAD433283B3D /* Theme.swift in Sources */,
				BAE0FD5A9D508901A12532EB /* TourStepView.swift in Sources */,
				E04F424081BB6FA66ADFFE34 /* TutorialAnchor.swift in Sources */,
				F8F60E0863C4DB896E842B47 /* TutorialOverlay.swift in Sources */,
				D0EA64E0720DB77F1D5A5603 /* TutorialStore.swift in Sources */,
				F44436EFE23EEA528B5D27B8 /* UITestSupport.swift in Sources */,
				DF8CE0FBB6D560876A6EC86A /* UserProfile.swift in Sources */,
			);
			runOnlyForDeploymentPostprocessing = 0;
		};
		DE4B2FC766307B560B9FED27 /* Sources */ = {
			isa = PBXSourcesBuildPhase;
			buildActionMask = 2147483647;
			files = (
				86567AB672287ACCDE060221 /* AccessibilityAuditTests.swift in Sources */,
				DF58D5D90A790FA201C31A5F /* AreaNoticeJourneyTests.swift in Sources */,
				BA221A4765A54BAF58B86BD3 /* InstallIdJourneyTests.swift in Sources */,
				1D7DDB33025FB9054ECF7E3F /* ItemDetailJourneyTests.swift in Sources */,
				FB6F4D5012F3B86E32ABD4E8 /* KeyboardBackgroundJourneyTests.swift in Sources */,
				81EE8A4DF06EE1589DEF42F5 /* LocatedPLZJourneyTests.swift in Sources */,
				3D129061277F9F5EC5A41C76 /* MatchFeedbackJourneyTests.swift in Sources */,
				9BAB0623FF44A06D536E0CDD /* MultiRegionJourneyTests.swift in Sources */,
				D69EE657C6AF3AC882F6ECC2 /* OfferDetailJourneyTests.swift in Sources */,
				9E44FA5D03C8440EBA47C047 /* OfferFilterJourneyTests.swift in Sources */,
				2E6CCA6B7C7B1A256D14EF1A /* OnboardingJourneyTests.swift in Sources */,
				051E3B71EDEEFABEDE77D425 /* RestartJourneyTests.swift in Sources */,
				EFB9DDD16B5BE4ED4AF98B4C /* ReviewNoteJourneyTests.swift in Sources */,
				2D0BD158D68A1C89C715C2D1 /* ShoppingListInputJourneyTests.swift in Sources */,
				A0C2816A25B52F0B590E69A1 /* SuggestionSurfaceJourneyTests.swift in Sources */,
				5721DB0A53DE1E8AF91A0C46 /* TutorialJourneyTests.swift in Sources */,
			);
			runOnlyForDeploymentPostprocessing = 0;
		};
/* End PBXSourcesBuildPhase section */

/* Begin PBXTargetDependency section */
		02BB1ADB460330646CB47FD0 /* PBXTargetDependency */ = {
			isa = PBXTargetDependency;
			target = 7FB211B965ACDF13C4DB560D /* LeChariot */;
			targetProxy = 596F5A0F5344CF66D68A6D63 /* PBXContainerItemProxy */;
		};
		98E91D6EFEFB98FA1E952BB8 /* PBXTargetDependency */ = {
			isa = PBXTargetDependency;
			target = 7FB211B965ACDF13C4DB560D /* LeChariot */;
			targetProxy = 62CBC226B905F89A28B7EF37 /* PBXContainerItemProxy */;
		};
/* End PBXTargetDependency section */

/* Begin XCBuildConfiguration section */
		0959BA3057750D478AD19D01 /* Debug */ = {
			isa = XCBuildConfiguration;
			buildSettings = {
				ALWAYS_SEARCH_USER_PATHS = NO;
				CLANG_ANALYZER_NONNULL = YES;
				CLANG_ANALYZER_NUMBER_OBJECT_CONVERSION = YES_AGGRESSIVE;
				CLANG_CXX_LANGUAGE_STANDARD = "gnu++14";
				CLANG_CXX_LIBRARY = "libc++";
				CLANG_ENABLE_MODULES = YES;
				CLANG_ENABLE_OBJC_ARC = YES;
				CLANG_ENABLE_OBJC_WEAK = YES;
				CLANG_WARN_BLOCK_CAPTURE_AUTORELEASING = YES;
				CLANG_WARN_BOOL_CONVERSION = YES;
				CLANG_WARN_COMMA = YES;
				CLANG_WARN_CONSTANT_CONVERSION = YES;
				CLANG_WARN_DEPRECATED_OBJC_IMPLEMENTATIONS = YES;
				CLANG_WARN_DIRECT_OBJC_ISA_USAGE = YES_ERROR;
				CLANG_WARN_DOCUMENTATION_COMMENTS = YES;
				CLANG_WARN_EMPTY_BODY = YES;
				CLANG_WARN_ENUM_CONVERSION = YES;
				CLANG_WARN_INFINITE_RECURSION = YES;
				CLANG_WARN_INT_CONVERSION = YES;
				CLANG_WARN_NON_LITERAL_NULL_CONVERSION = YES;
				CLANG_WARN_OBJC_IMPLICIT_RETAIN_SELF = YES;
				CLANG_WARN_OBJC_LITERAL_CONVERSION = YES;
				CLANG_WARN_OBJC_ROOT_CLASS = YES_ERROR;
				CLANG_WARN_QUOTED_INCLUDE_IN_FRAMEWORK_HEADER = YES;
				CLANG_WARN_RANGE_LOOP_ANALYSIS = YES;
				CLANG_WARN_STRICT_PROTOTYPES = YES;
				CLANG_WARN_SUSPICIOUS_MOVE = YES;
				CLANG_WARN_UNGUARDED_AVAILABILITY = YES_AGGRESSIVE;
				CLANG_WARN_UNREACHABLE_CODE = YES;
				CLANG_WARN__DUPLICATE_METHOD_MATCH = YES;
				COPY_PHASE_STRIP = NO;
				DEBUG_INFORMATION_FORMAT = dwarf;
				DEVELOPMENT_TEAM = 3DZ9T8SGX5;
				ENABLE_STRICT_OBJC_MSGSEND = YES;
				ENABLE_TESTABILITY = YES;
				GCC_C_LANGUAGE_STANDARD = gnu11;
				GCC_DYNAMIC_NO_PIC = NO;
				GCC_NO_COMMON_BLOCKS = YES;
				GCC_OPTIMIZATION_LEVEL = 0;
				GCC_PREPROCESSOR_DEFINITIONS = (
					"$(inherited)",
					"DEBUG=1",
				);
				GCC_WARN_64_TO_32_BIT_CONVERSION = YES;
				GCC_WARN_ABOUT_RETURN_TYPE = YES_ERROR;
				GCC_WARN_UNDECLARED_SELECTOR = YES;
				GCC_WARN_UNINITIALIZED_AUTOS = YES_AGGRESSIVE;
				GCC_WARN_UNUSED_FUNCTION = YES;
				GCC_WARN_UNUSED_VARIABLE = YES;
				IPHONEOS_DEPLOYMENT_TARGET = 17.0;
				MTL_ENABLE_DEBUG_INFO = INCLUDE_SOURCE;
				MTL_FAST_MATH = YES;
				ONLY_ACTIVE_ARCH = YES;
				PRODUCT_NAME = "$(TARGET_NAME)";
				SDKROOT = iphoneos;
				SWIFT_ACTIVE_COMPILATION_CONDITIONS = DEBUG;
				SWIFT_OPTIMIZATION_LEVEL = "-Onone";
				SWIFT_VERSION = 5.9;
			};
			name = Debug;
		};
		278A0758091493BBE0E94CD7 /* Release */ = {
			isa = XCBuildConfiguration;
			buildSettings = {
				ASSETCATALOG_COMPILER_APPICON_NAME = AppIcon;
				CODE_SIGN_IDENTITY = "iPhone Developer";
				CURRENT_PROJECT_VERSION = 1;
				GENERATE_INFOPLIST_FILE = YES;
				INFOPLIST_KEY_CFBundleDisplayName = "Le Chariot";
				INFOPLIST_KEY_ITSAppUsesNonExemptEncryption = NO;
				INFOPLIST_KEY_NSLocationWhenInUseUsageDescription = "Dein Standort wird verwendet, um deine Postleitzahl zu ermitteln und die Entfernung zu den Filialen zu berechnen. Beides geht auch ohne — die PLZ kannst du eingeben, die Entfernungen rechnen wir dann ab deren Mitte.";
				INFOPLIST_KEY_UIApplicationSceneManifest_Generation = YES;
				INFOPLIST_KEY_UILaunchScreen_Generation = YES;
				INFOPLIST_KEY_UISupportedInterfaceOrientations = UIInterfaceOrientationPortrait;
				INFOPLIST_KEY_UISupportedInterfaceOrientations_iPad = "UIInterfaceOrientationPortrait UIInterfaceOrientationPortraitUpsideDown UIInterfaceOrientationLandscapeLeft UIInterfaceOrientationLandscapeRight";
				LD_RUNPATH_SEARCH_PATHS = (
					"$(inherited)",
					"@executable_path/Frameworks",
				);
				MARKETING_VERSION = 0.1.0;
				PRODUCT_BUNDLE_IDENTIFIER = com.skoehler.lechariot;
				SDKROOT = iphoneos;
				TARGETED_DEVICE_FAMILY = "1,2";
			};
			name = Release;
		};
		29A212ABE4BAF65DE87545B0 /* Debug */ = {
			isa = XCBuildConfiguration;
			buildSettings = {
				ASSETCATALOG_COMPILER_APPICON_NAME = AppIcon;
				CODE_SIGN_IDENTITY = "iPhone Developer";
				CURRENT_PROJECT_VERSION = 1;
				GENERATE_INFOPLIST_FILE = YES;
				INFOPLIST_KEY_CFBundleDisplayName = "Le Chariot";
				INFOPLIST_KEY_ITSAppUsesNonExemptEncryption = NO;
				INFOPLIST_KEY_NSLocationWhenInUseUsageDescription = "Dein Standort wird verwendet, um deine Postleitzahl zu ermitteln und die Entfernung zu den Filialen zu berechnen. Beides geht auch ohne — die PLZ kannst du eingeben, die Entfernungen rechnen wir dann ab deren Mitte.";
				INFOPLIST_KEY_UIApplicationSceneManifest_Generation = YES;
				INFOPLIST_KEY_UILaunchScreen_Generation = YES;
				INFOPLIST_KEY_UISupportedInterfaceOrientations = UIInterfaceOrientationPortrait;
				INFOPLIST_KEY_UISupportedInterfaceOrientations_iPad = "UIInterfaceOrientationPortrait UIInterfaceOrientationPortraitUpsideDown UIInterfaceOrientationLandscapeLeft UIInterfaceOrientationLandscapeRight";
				LD_RUNPATH_SEARCH_PATHS = (
					"$(inherited)",
					"@executable_path/Frameworks",
				);
				MARKETING_VERSION = 0.1.0;
				PRODUCT_BUNDLE_IDENTIFIER = com.skoehler.lechariot;
				SDKROOT = iphoneos;
				TARGETED_DEVICE_FAMILY = "1,2";
			};
			name = Debug;
		};
		49DF0D20CABC7E083F485A9A /* Release */ = {
			isa = XCBuildConfiguration;
			buildSettings = {
				BUNDLE_LOADER = "$(TEST_HOST)";
				GENERATE_INFOPLIST_FILE = YES;
				LD_RUNPATH_SEARCH_PATHS = (
					"$(inherited)",
					"@executable_path/Frameworks",
					"@loader_path/Frameworks",
				);
				PRODUCT_BUNDLE_IDENTIFIER = com.skoehler.lechariotTests;
				SDKROOT = iphoneos;
				TARGETED_DEVICE_FAMILY = "1,2";
				TEST_HOST = "$(BUILT_PRODUCTS_DIR)/LeChariot.app/LeChariot";
			};
			name = Release;
		};
		8C3EEDDB72FF30302541DC65 /* Release */ = {
			isa = XCBuildConfiguration;
			buildSettings = {
				ALWAYS_SEARCH_USER_PATHS = NO;
				CLANG_ANALYZER_NONNULL = YES;
				CLANG_ANALYZER_NUMBER_OBJECT_CONVERSION = YES_AGGRESSIVE;
				CLANG_CXX_LANGUAGE_STANDARD = "gnu++14";
				CLANG_CXX_LIBRARY = "libc++";
				CLANG_ENABLE_MODULES = YES;
				CLANG_ENABLE_OBJC_ARC = YES;
				CLANG_ENABLE_OBJC_WEAK = YES;
				CLANG_WARN_BLOCK_CAPTURE_AUTORELEASING = YES;
				CLANG_WARN_BOOL_CONVERSION = YES;
				CLANG_WARN_COMMA = YES;
				CLANG_WARN_CONSTANT_CONVERSION = YES;
				CLANG_WARN_DEPRECATED_OBJC_IMPLEMENTATIONS = YES;
				CLANG_WARN_DIRECT_OBJC_ISA_USAGE = YES_ERROR;
				CLANG_WARN_DOCUMENTATION_COMMENTS = YES;
				CLANG_WARN_EMPTY_BODY = YES;
				CLANG_WARN_ENUM_CONVERSION = YES;
				CLANG_WARN_INFINITE_RECURSION = YES;
				CLANG_WARN_INT_CONVERSION = YES;
				CLANG_WARN_NON_LITERAL_NULL_CONVERSION = YES;
				CLANG_WARN_OBJC_IMPLICIT_RETAIN_SELF = YES;
				CLANG_WARN_OBJC_LITERAL_CONVERSION = YES;
				CLANG_WARN_OBJC_ROOT_CLASS = YES_ERROR;
				CLANG_WARN_QUOTED_INCLUDE_IN_FRAMEWORK_HEADER = YES;
				CLANG_WARN_RANGE_LOOP_ANALYSIS = YES;
				CLANG_WARN_STRICT_PROTOTYPES = YES;
				CLANG_WARN_SUSPICIOUS_MOVE = YES;
				CLANG_WARN_UNGUARDED_AVAILABILITY = YES_AGGRESSIVE;
				CLANG_WARN_UNREACHABLE_CODE = YES;
				CLANG_WARN__DUPLICATE_METHOD_MATCH = YES;
				COPY_PHASE_STRIP = NO;
				DEBUG_INFORMATION_FORMAT = "dwarf-with-dsym";
				DEVELOPMENT_TEAM = 3DZ9T8SGX5;
				ENABLE_NS_ASSERTIONS = NO;
				ENABLE_STRICT_OBJC_MSGSEND = YES;
				GCC_C_LANGUAGE_STANDARD = gnu11;
				GCC_NO_COMMON_BLOCKS = YES;
				GCC_WARN_64_TO_32_BIT_CONVERSION = YES;
				GCC_WARN_ABOUT_RETURN_TYPE = YES_ERROR;
				GCC_WARN_UNDECLARED_SELECTOR = YES;
				GCC_WARN_UNINITIALIZED_AUTOS = YES_AGGRESSIVE;
				GCC_WARN_UNUSED_FUNCTION = YES;
				GCC_WARN_UNUSED_VARIABLE = YES;
				IPHONEOS_DEPLOYMENT_TARGET = 17.0;
				MTL_ENABLE_DEBUG_INFO = NO;
				MTL_FAST_MATH = YES;
				PRODUCT_NAME = "$(TARGET_NAME)";
				SDKROOT = iphoneos;
				SWIFT_COMPILATION_MODE = wholemodule;
				SWIFT_OPTIMIZATION_LEVEL = "-O";
				SWIFT_VERSION = 5.9;
			};
			name = Release;
		};
		A04FE5C03AE0757AD389B912 /* Debug */ = {
			isa = XCBuildConfiguration;
			buildSettings = {
				BUNDLE_LOADER = "$(TEST_HOST)";
				GENERATE_INFOPLIST_FILE = YES;
				LD_RUNPATH_SEARCH_PATHS = (
					"$(inherited)",
					"@executable_path/Frameworks",
					"@loader_path/Frameworks",
				);
				PRODUCT_BUNDLE_IDENTIFIER = com.skoehler.lechariotTests;
				SDKROOT = iphoneos;
				TARGETED_DEVICE_FAMILY = "1,2";
				TEST_HOST = "$(BUILT_PRODUCTS_DIR)/LeChariot.app/LeChariot";
			};
			name = Debug;
		};
		EC4ECA08281C90CA1DCBB858 /* Release */ = {
			isa = XCBuildConfiguration;
			buildSettings = {
				BUNDLE_LOADER = "$(TEST_HOST)";
				GENERATE_INFOPLIST_FILE = YES;
				LD_RUNPATH_SEARCH_PATHS = (
					"$(inherited)",
					"@executable_path/Frameworks",
					"@loader_path/Frameworks",
				);
				PRODUCT_BUNDLE_IDENTIFIER = com.skoehler.lechariotUITests;
				SDKROOT = iphoneos;
				TARGETED_DEVICE_FAMILY = "1,2";
				TEST_TARGET_NAME = LeChariot;
			};
			name = Release;
		};
		F8B7F2CC941F1CBE778FAC5E /* Debug */ = {
			isa = XCBuildConfiguration;
			buildSettings = {
				BUNDLE_LOADER = "$(TEST_HOST)";
				GENERATE_INFOPLIST_FILE = YES;
				LD_RUNPATH_SEARCH_PATHS = (
					"$(inherited)",
					"@executable_path/Frameworks",
					"@loader_path/Frameworks",
				);
				PRODUCT_BUNDLE_IDENTIFIER = com.skoehler.lechariotUITests;
				SDKROOT = iphoneos;
				TARGETED_DEVICE_FAMILY = "1,2";
				TEST_TARGET_NAME = LeChariot;
			};
			name = Debug;
		};
/* End XCBuildConfiguration section */

/* Begin XCConfigurationList section */
		0242FCC6A582657B0FE6A3EF /* Build configuration list for PBXNativeTarget "LeChariotUITests" */ = {
			isa = XCConfigurationList;
			buildConfigurations = (
				F8B7F2CC941F1CBE778FAC5E /* Debug */,
				EC4ECA08281C90CA1DCBB858 /* Release */,
			);
			defaultConfigurationIsVisible = 0;
			defaultConfigurationName = Debug;
		};
		17B33D02187A649AE33D02C4 /* Build configuration list for PBXNativeTarget "LeChariot" */ = {
			isa = XCConfigurationList;
			buildConfigurations = (
				29A212ABE4BAF65DE87545B0 /* Debug */,
				278A0758091493BBE0E94CD7 /* Release */,
			);
			defaultConfigurationIsVisible = 0;
			defaultConfigurationName = Debug;
		};
		63D179D66FF593C7B27EE41E /* Build configuration list for PBXNativeTarget "LeChariotTests" */ = {
			isa = XCConfigurationList;
			buildConfigurations = (
				A04FE5C03AE0757AD389B912 /* Debug */,
				49DF0D20CABC7E083F485A9A /* Release */,
			);
			defaultConfigurationIsVisible = 0;
			defaultConfigurationName = Debug;
		};
		C06E1C4AE05C94EF0EEACECB /* Build configuration list for PBXProject "LeChariot" */ = {
			isa = XCConfigurationList;
			buildConfigurations = (
				0959BA3057750D478AD19D01 /* Debug */,
				8C3EEDDB72FF30302541DC65 /* Release */,
			);
			defaultConfigurationIsVisible = 0;
			defaultConfigurationName = Debug;
		};
/* End XCConfigurationList section */
	};
	rootObject = 12EBCD205679E13FB1A3B182 /* Project object */;
}
