// !$*UTF8*$!
{
	archiveVersion = 1;
	classes = {
	};
	objectVersion = 77;
	objects = {

/* Begin PBXBuildFile section */
		09D30E4B5070A7E67A64BF2C /* SupabaseClient.swift in Sources */ = {isa = PBXBuildFile; fileRef = 4D18C603BE777876E0579A32 /* SupabaseClient.swift */; };
		0E11C007DFE74399E60EED4A /* ShoppingItem.swift in Sources */ = {isa = PBXBuildFile; fileRef = E80B4B55063709CF2E4DF9D2 /* ShoppingItem.swift */; };
		113D1EB9B4F66276E6EFBA02 /* SettingsView.swift in Sources */ = {isa = PBXBuildFile; fileRef = F7954258C79DB783984DDE28 /* SettingsView.swift */; };
		12160FAC3E4AC59459DAC26A /* Categories.swift in Sources */ = {isa = PBXBuildFile; fileRef = 4D2AA9D14BC4A0DE3E94A637 /* Categories.swift */; };
		136D14A0B4E62D6E4F145720 /* ShoppingListRankingTests.swift in Sources */ = {isa = PBXBuildFile; fileRef = 5138CD4A48A9D6A2F90BC9E5 /* ShoppingListRankingTests.swift */; };
		178B4FB3FE725FC8445FA295 /* LiveRepositories.swift in Sources */ = {isa = PBXBuildFile; fileRef = 1329B01BEF7B45706988C564 /* LiveRepositories.swift */; };
		1CA11265C97F7B910BC773DC /* APIKeys.example.plist in Resources */ = {isa = PBXBuildFile; fileRef = 61214BBE083A49EEB0734BC8 /* APIKeys.example.plist */; };
		1D5A5635ABAEEB35624A6044 /* RegionStore.swift in Sources */ = {isa = PBXBuildFile; fileRef = 868B074D7B32CF7410B7D479 /* RegionStore.swift */; };
		1F65F563962458CA759F9DB3 /* OnboardingStepView.swift in Sources */ = {isa = PBXBuildFile; fileRef = CCE3F1F17B17DE3B92506C9F /* OnboardingStepView.swift */; };
		1F78D51A22ADDAB72D20F6FA /* AdSlot.swift in Sources */ = {isa = PBXBuildFile; fileRef = 8A5FA268ACCB17FC037B2400 /* AdSlot.swift */; };
		23B43B5A1A80E5C81121035C /* OfferMatcher.swift in Sources */ = {isa = PBXBuildFile; fileRef = 7002CAEC0771B195B6EF2198 /* OfferMatcher.swift */; };
		24D1909C7DA029EF9C37FBBE /* ShoppingListView.swift in Sources */ = {isa = PBXBuildFile; fileRef = 6BC88CEB73009984290A2F9C /* ShoppingListView.swift */; };
		24ECE9C01AE520A888B7F588 /* OfferStoreTests.swift in Sources */ = {isa = PBXBuildFile; fileRef = 39F6AA8757179BD940639D76 /* OfferStoreTests.swift */; };
		27E4A7F5CEB3C983C4C605E6 /* LoadFailure.swift in Sources */ = {isa = PBXBuildFile; fileRef = 0B2CFE31D2A16B89A0CF2FC9 /* LoadFailure.swift */; };
		2AB6CD2243AA21C818C74DCB /* MatchDetailView.swift in Sources */ = {isa = PBXBuildFile; fileRef = 754CF28D34B7297C8735E917 /* MatchDetailView.swift */; };
		2ACE35BC3D6B25DEA4DAA0DB /* Repositories.swift in Sources */ = {isa = PBXBuildFile; fileRef = 9067D38E35AD37E75F0399D0 /* Repositories.swift */; };
		2D26416495DC7325CC715D1C /* RegionStoreTests.swift in Sources */ = {isa = PBXBuildFile; fileRef = B96A835BFBDEAD6596C4A2D7 /* RegionStoreTests.swift */; };
		2F362391D7A9A655E53746B8 /* CachedOffer.swift in Sources */ = {isa = PBXBuildFile; fileRef = E45E1256E34DE2781CBF860E /* CachedOffer.swift */; };
		40DD889262FF2BC3BA791FD9 /* MarketPickerView.swift in Sources */ = {isa = PBXBuildFile; fileRef = 863A1058C1028198058B3773 /* MarketPickerView.swift */; };
		41672127D26EB44E5BFD0BB6 /* ProfileStepsView.swift in Sources */ = {isa = PBXBuildFile; fileRef = BE7256204AE9324388462677 /* ProfileStepsView.swift */; };
		51848D45B3928B6DDB8CB3DC /* MatchRejectionStore.swift in Sources */ = {isa = PBXBuildFile; fileRef = 7E891BCC1A8EAA8D316A08E4 /* MatchRejectionStore.swift */; };
		51FFDA8362C9C80E3D9B0AF8 /* ShoppingListStoreTests.swift in Sources */ = {isa = PBXBuildFile; fileRef = 8A55AEE68082C0FC0867C922 /* ShoppingListStoreTests.swift */; };
		566BC1AA401083B61633BBA5 /* OffersView.swift in Sources */ = {isa = PBXBuildFile; fileRef = C9272CDFCBA41FED9DC6789D /* OffersView.swift */; };
		57565C965123F4C90F07393D /* OfferQueryTests.swift in Sources */ = {isa = PBXBuildFile; fileRef = 370489AA970D79373393E3E3 /* OfferQueryTests.swift */; };
		58D51B390C1A66256F9F7AA0 /* AppDefaults.swift in Sources */ = {isa = PBXBuildFile; fileRef = 1A44C846C5DD8BA72F5A67F6 /* AppDefaults.swift */; };
		5F506C4A97F5227912DBD5BB /* UserProfile.swift in Sources */ = {isa = PBXBuildFile; fileRef = B497405C745D8DC768C7C2AC /* UserProfile.swift */; };
		607B2AA3F5865F0BDE549C13 /* ShoppingListRanking.swift in Sources */ = {isa = PBXBuildFile; fileRef = 795DCA776480758D0282C8DA /* ShoppingListRanking.swift */; };
		6489EAB6EBDF8B831D52FF05 /* OfferStore.swift in Sources */ = {isa = PBXBuildFile; fileRef = 9B816EFCB523B03236DAEEEF /* OfferStore.swift */; };
		6958E0BBF81CABFBFAC157B1 /* ContentView.swift in Sources */ = {isa = PBXBuildFile; fileRef = A687DB4BC334F9E68BA90F77 /* ContentView.swift */; };
		6CAEFA276FB0987B4A7F334A /* MarketTests.swift in Sources */ = {isa = PBXBuildFile; fileRef = 09410A87BA1B641089F1FB1F /* MarketTests.swift */; };
		6EE84D0B46C83A66CA5546FB /* OnboardingJourneyTests.swift in Sources */ = {isa = PBXBuildFile; fileRef = A9E55D4008AD91AD7BE5D837 /* OnboardingJourneyTests.swift */; };
		7B5721EC9105507FAF6A8420 /* UITestSupport.swift in Sources */ = {isa = PBXBuildFile; fileRef = 13A0CD8E61A0241FC7673975 /* UITestSupport.swift */; };
		7D323F4158711B185CAEE8B4 /* Market.swift in Sources */ = {isa = PBXBuildFile; fileRef = 2DA5E2F1FD07970ECF93D078 /* Market.swift */; };
		800FDB245BEBA1AD7B61AB07 /* Offer.swift in Sources */ = {isa = PBXBuildFile; fileRef = EF672C84046EBB21ACA1088B /* Offer.swift */; };
		8C4FDBDC98A0CF742BCC62F1 /* ConsentStepView.swift in Sources */ = {isa = PBXBuildFile; fileRef = A0BB170AE5C0C0866A9F2960 /* ConsentStepView.swift */; };
		901030CA717C52D1F23A9840 /* OfferAnalytics.swift in Sources */ = {isa = PBXBuildFile; fileRef = 64A0A73C2B5FEF9C28CB9A27 /* OfferAnalytics.swift */; };
		903EB7332D5AA5115AF88711 /* ProfileStore.swift in Sources */ = {isa = PBXBuildFile; fileRef = 2A802B378CCF66963988D207 /* ProfileStore.swift */; };
		9BEA63C43CC16C1DFB7EF146 /* ProfileStoreTests.swift in Sources */ = {isa = PBXBuildFile; fileRef = F5C6807B82F58AD9DD9F5604 /* ProfileStoreTests.swift */; };
		A47E9D5889DA43E1DBCA34EC /* APIConfig.swift in Sources */ = {isa = PBXBuildFile; fileRef = 81F6FDF0DCC1BB9D25EA8DE0 /* APIConfig.swift */; };
		ABD7A60CF74E723F56600DB2 /* AppRepositories.swift in Sources */ = {isa = PBXBuildFile; fileRef = EAE42C6EFFE3C1C8E391DCEF /* AppRepositories.swift */; };
		B44EAB0044377C0209499951 /* SmartshopApp.swift in Sources */ = {isa = PBXBuildFile; fileRef = 32B1F93C13CC269E5A352AC9 /* SmartshopApp.swift */; };
		BBA2786106C7620FA1A66D6B /* OfferCache.swift in Sources */ = {isa = PBXBuildFile; fileRef = B08B04789095121747D2E831 /* OfferCache.swift */; };
		C449C113A932F2C6E74C4F0C /* ShoppingListRowView.swift in Sources */ = {isa = PBXBuildFile; fileRef = FCD4F8974D73BB460271D3C4 /* ShoppingListRowView.swift */; };
		C999475F0828946C90D741FA /* OfferRowView.swift in Sources */ = {isa = PBXBuildFile; fileRef = AF835B2B5E4F7175CD1BC237 /* OfferRowView.swift */; };
		D00A5FAAB301C2D65D7D1EB2 /* MockRepositoryTests.swift in Sources */ = {isa = PBXBuildFile; fileRef = 1B70F1AA0433221D95BBAEAB /* MockRepositoryTests.swift */; };
		D09930822B5A4F4E71E1601C /* OnboardingFlowView.swift in Sources */ = {isa = PBXBuildFile; fileRef = F0E06287A5B5DDF7F656F70C /* OnboardingFlowView.swift */; };
		D0AE2A24E7140F562CC57033 /* OfferMatcherTests.swift in Sources */ = {isa = PBXBuildFile; fileRef = BAA8AC26E4BC01DF5A0C6FA2 /* OfferMatcherTests.swift */; };
		D370FA83C6251A01B54B6101 /* DebugReset.swift in Sources */ = {isa = PBXBuildFile; fileRef = 13ECC9CF0E2A44A998133CA6 /* DebugReset.swift */; };
		D55A1F37BAF7F5862BBD6309 /* OfferCacheTests.swift in Sources */ = {isa = PBXBuildFile; fileRef = 22EF4DB51E488E8DCD969A0B /* OfferCacheTests.swift */; };
		DB37DA5AFBEB7F45EAA7B017 /* MarketFilter.swift in Sources */ = {isa = PBXBuildFile; fileRef = 971ADEDD8EDD5BD80EE09E88 /* MarketFilter.swift */; };
		DD85902B4FD0B8217F02ED4A /* WaitingView.swift in Sources */ = {isa = PBXBuildFile; fileRef = 2D583F29D93E176CF24E3D4E /* WaitingView.swift */; };
		DF9902A7D9E645AAE99CE314 /* Theme.swift in Sources */ = {isa = PBXBuildFile; fileRef = 27834BA71F48A6AF73887634 /* Theme.swift */; };
		DF9F6517A6D0F31CA4E38147 /* MockRepositories.swift in Sources */ = {isa = PBXBuildFile; fileRef = B4182237F12035092E0DC4BD /* MockRepositories.swift */; };
		E326D9D197136729E22F88CB /* OfferAnalyticsTests.swift in Sources */ = {isa = PBXBuildFile; fileRef = 94DEA83EC6F1AB3BE5F30366 /* OfferAnalyticsTests.swift */; };
		E9A35414E0F415D5F256DAB8 /* APIKeys.plist in Resources */ = {isa = PBXBuildFile; fileRef = 5AA184AEE48DDF1CFDBB58AE /* APIKeys.plist */; };
		F0B0DC2A452F3EA8C8DBC463 /* AppearanceWindowBridge.swift in Sources */ = {isa = PBXBuildFile; fileRef = 99608D5F46FD5FF02B5EA161 /* AppearanceWindowBridge.swift */; };
		F25EC2E07C8D7E9E81F342F4 /* Region.swift in Sources */ = {isa = PBXBuildFile; fileRef = 711F4305918425B41721D89C /* Region.swift */; };
		F30F400B104364ACB47BD505 /* ShoppingPlanCard.swift in Sources */ = {isa = PBXBuildFile; fileRef = 39F7BDB9E68A73D6A55891AF /* ShoppingPlanCard.swift */; };
		F37C9EB36CAD104F7E90BAF6 /* MarketFilterTests.swift in Sources */ = {isa = PBXBuildFile; fileRef = 1288BFEE69CC731FD2467645 /* MarketFilterTests.swift */; };
		F944DB41D768696C1A798FAE /* ShoppingListStore.swift in Sources */ = {isa = PBXBuildFile; fileRef = 5C6E875DEA6BFBC297763AAE /* ShoppingListStore.swift */; };
		F9CF4DA5F34A08A75D43B6F0 /* ModelDecodingTests.swift in Sources */ = {isa = PBXBuildFile; fileRef = B48FD6DDE4020955072D1F67 /* ModelDecodingTests.swift */; };
		FB79DF4DE67EEBC120455F2D /* PLZLocator.swift in Sources */ = {isa = PBXBuildFile; fileRef = 01E0E10DD074BFC523DF9AD2 /* PLZLocator.swift */; };
		FC6CAC46331966139E63E0C6 /* RegionSetupView.swift in Sources */ = {isa = PBXBuildFile; fileRef = 844C4E818E4E0A2188DF2EC5 /* RegionSetupView.swift */; };
/* End PBXBuildFile section */

/* Begin PBXContainerItemProxy section */
		D6D15C6D6CB7BD1E8237B343 /* PBXContainerItemProxy */ = {
			isa = PBXContainerItemProxy;
			containerPortal = AAEBEDA23B4022594DFE627B /* Project object */;
			proxyType = 1;
			remoteGlobalIDString = 5DE3FEF138E8E2592BB89AF4;
			remoteInfo = Smartshop;
		};
		D7E4FD44B92804FA005CEA06 /* PBXContainerItemProxy */ = {
			isa = PBXContainerItemProxy;
			containerPortal = AAEBEDA23B4022594DFE627B /* Project object */;
			proxyType = 1;
			remoteGlobalIDString = 5DE3FEF138E8E2592BB89AF4;
			remoteInfo = Smartshop;
		};
/* End PBXContainerItemProxy section */

/* Begin PBXFileReference section */
		01E0E10DD074BFC523DF9AD2 /* PLZLocator.swift */ = {isa = PBXFileReference; lastKnownFileType = sourcecode.swift; path = PLZLocator.swift; sourceTree = "<group>"; };
		09410A87BA1B641089F1FB1F /* MarketTests.swift */ = {isa = PBXFileReference; lastKnownFileType = sourcecode.swift; path = MarketTests.swift; sourceTree = "<group>"; };
		0A51CF633937486C4F3C90CD /* Smartshop.app */ = {isa = PBXFileReference; includeInIndex = 0; lastKnownFileType = wrapper.application; path = Smartshop.app; sourceTree = BUILT_PRODUCTS_DIR; };
		0B2CFE31D2A16B89A0CF2FC9 /* LoadFailure.swift */ = {isa = PBXFileReference; lastKnownFileType = sourcecode.swift; path = LoadFailure.swift; sourceTree = "<group>"; };
		1288BFEE69CC731FD2467645 /* MarketFilterTests.swift */ = {isa = PBXFileReference; lastKnownFileType = sourcecode.swift; path = MarketFilterTests.swift; sourceTree = "<group>"; };
		1329B01BEF7B45706988C564 /* LiveRepositories.swift */ = {isa = PBXFileReference; lastKnownFileType = sourcecode.swift; path = LiveRepositories.swift; sourceTree = "<group>"; };
		13A0CD8E61A0241FC7673975 /* UITestSupport.swift */ = {isa = PBXFileReference; lastKnownFileType = sourcecode.swift; path = UITestSupport.swift; sourceTree = "<group>"; };
		13ECC9CF0E2A44A998133CA6 /* DebugReset.swift */ = {isa = PBXFileReference; lastKnownFileType = sourcecode.swift; path = DebugReset.swift; sourceTree = "<group>"; };
		1A44C846C5DD8BA72F5A67F6 /* AppDefaults.swift */ = {isa = PBXFileReference; lastKnownFileType = sourcecode.swift; path = AppDefaults.swift; sourceTree = "<group>"; };
		1B70F1AA0433221D95BBAEAB /* MockRepositoryTests.swift */ = {isa = PBXFileReference; lastKnownFileType = sourcecode.swift; path = MockRepositoryTests.swift; sourceTree = "<group>"; };
		22EF4DB51E488E8DCD969A0B /* OfferCacheTests.swift */ = {isa = PBXFileReference; lastKnownFileType = sourcecode.swift; path = OfferCacheTests.swift; sourceTree = "<group>"; };
		27834BA71F48A6AF73887634 /* Theme.swift */ = {isa = PBXFileReference; lastKnownFileType = sourcecode.swift; path = Theme.swift; sourceTree = "<group>"; };
		2A802B378CCF66963988D207 /* ProfileStore.swift */ = {isa = PBXFileReference; lastKnownFileType = sourcecode.swift; path = ProfileStore.swift; sourceTree = "<group>"; };
		2D583F29D93E176CF24E3D4E /* WaitingView.swift */ = {isa = PBXFileReference; lastKnownFileType = sourcecode.swift; path = WaitingView.swift; sourceTree = "<group>"; };
		2D726821263F61DD2DF69E8C /* SmartshopTests.xctest */ = {isa = PBXFileReference; includeInIndex = 0; lastKnownFileType = wrapper.cfbundle; path = SmartshopTests.xctest; sourceTree = BUILT_PRODUCTS_DIR; };
		2DA5E2F1FD07970ECF93D078 /* Market.swift */ = {isa = PBXFileReference; lastKnownFileType = sourcecode.swift; path = Market.swift; sourceTree = "<group>"; };
		32B1F93C13CC269E5A352AC9 /* SmartshopApp.swift */ = {isa = PBXFileReference; lastKnownFileType = sourcecode.swift; path = SmartshopApp.swift; sourceTree = "<group>"; };
		370489AA970D79373393E3E3 /* OfferQueryTests.swift */ = {isa = PBXFileReference; lastKnownFileType = sourcecode.swift; path = OfferQueryTests.swift; sourceTree = "<group>"; };
		39F6AA8757179BD940639D76 /* OfferStoreTests.swift */ = {isa = PBXFileReference; lastKnownFileType = sourcecode.swift; path = OfferStoreTests.swift; sourceTree = "<group>"; };
		39F7BDB9E68A73D6A55891AF /* ShoppingPlanCard.swift */ = {isa = PBXFileReference; lastKnownFileType = sourcecode.swift; path = ShoppingPlanCard.swift; sourceTree = "<group>"; };
		4D18C603BE777876E0579A32 /* SupabaseClient.swift */ = {isa = PBXFileReference; lastKnownFileType = sourcecode.swift; path = SupabaseClient.swift; sourceTree = "<group>"; };
		4D2AA9D14BC4A0DE3E94A637 /* Categories.swift */ = {isa = PBXFileReference; lastKnownFileType = sourcecode.swift; path = Categories.swift; sourceTree = "<group>"; };
		5138CD4A48A9D6A2F90BC9E5 /* ShoppingListRankingTests.swift */ = {isa = PBXFileReference; lastKnownFileType = sourcecode.swift; path = ShoppingListRankingTests.swift; sourceTree = "<group>"; };
		5AA184AEE48DDF1CFDBB58AE /* APIKeys.plist */ = {isa = PBXFileReference; lastKnownFileType = text.plist; path = APIKeys.plist; sourceTree = "<group>"; };
		5C6E875DEA6BFBC297763AAE /* ShoppingListStore.swift */ = {isa = PBXFileReference; lastKnownFileType = sourcecode.swift; path = ShoppingListStore.swift; sourceTree = "<group>"; };
		61214BBE083A49EEB0734BC8 /* APIKeys.example.plist */ = {isa = PBXFileReference; lastKnownFileType = text.plist; path = APIKeys.example.plist; sourceTree = "<group>"; };
		64A0A73C2B5FEF9C28CB9A27 /* OfferAnalytics.swift */ = {isa = PBXFileReference; lastKnownFileType = sourcecode.swift; path = OfferAnalytics.swift; sourceTree = "<group>"; };
		6BC88CEB73009984290A2F9C /* ShoppingListView.swift */ = {isa = PBXFileReference; lastKnownFileType = sourcecode.swift; path = ShoppingListView.swift; sourceTree = "<group>"; };
		7002CAEC0771B195B6EF2198 /* OfferMatcher.swift */ = {isa = PBXFileReference; lastKnownFileType = sourcecode.swift; path = OfferMatcher.swift; sourceTree = "<group>"; };
		711F4305918425B41721D89C /* Region.swift */ = {isa = PBXFileReference; lastKnownFileType = sourcecode.swift; path = Region.swift; sourceTree = "<group>"; };
		754CF28D34B7297C8735E917 /* MatchDetailView.swift */ = {isa = PBXFileReference; lastKnownFileType = sourcecode.swift; path = MatchDetailView.swift; sourceTree = "<group>"; };
		795DCA776480758D0282C8DA /* ShoppingListRanking.swift */ = {isa = PBXFileReference; lastKnownFileType = sourcecode.swift; path = ShoppingListRanking.swift; sourceTree = "<group>"; };
		7E891BCC1A8EAA8D316A08E4 /* MatchRejectionStore.swift */ = {isa = PBXFileReference; lastKnownFileType = sourcecode.swift; path = MatchRejectionStore.swift; sourceTree = "<group>"; };
		81F6FDF0DCC1BB9D25EA8DE0 /* APIConfig.swift */ = {isa = PBXFileReference; lastKnownFileType = sourcecode.swift; path = APIConfig.swift; sourceTree = "<group>"; };
		844C4E818E4E0A2188DF2EC5 /* RegionSetupView.swift */ = {isa = PBXFileReference; lastKnownFileType = sourcecode.swift; path = RegionSetupView.swift; sourceTree = "<group>"; };
		863A1058C1028198058B3773 /* MarketPickerView.swift */ = {isa = PBXFileReference; lastKnownFileType = sourcecode.swift; path = MarketPickerView.swift; sourceTree = "<group>"; };
		868B074D7B32CF7410B7D479 /* RegionStore.swift */ = {isa = PBXFileReference; lastKnownFileType = sourcecode.swift; path = RegionStore.swift; sourceTree = "<group>"; };
		8A55AEE68082C0FC0867C922 /* ShoppingListStoreTests.swift */ = {isa = PBXFileReference; lastKnownFileType = sourcecode.swift; path = ShoppingListStoreTests.swift; sourceTree = "<group>"; };
		8A5FA268ACCB17FC037B2400 /* AdSlot.swift */ = {isa = PBXFileReference; lastKnownFileType = sourcecode.swift; path = AdSlot.swift; sourceTree = "<group>"; };
		8FB4C53FE9EBB125EFE83FFF /* SmartshopUITests.xctest */ = {isa = PBXFileReference; includeInIndex = 0; lastKnownFileType = wrapper.cfbundle; path = SmartshopUITests.xctest; sourceTree = BUILT_PRODUCTS_DIR; };
		9067D38E35AD37E75F0399D0 /* Repositories.swift */ = {isa = PBXFileReference; lastKnownFileType = sourcecode.swift; path = Repositories.swift; sourceTree = "<group>"; };
		94DEA83EC6F1AB3BE5F30366 /* OfferAnalyticsTests.swift */ = {isa = PBXFileReference; lastKnownFileType = sourcecode.swift; path = OfferAnalyticsTests.swift; sourceTree = "<group>"; };
		971ADEDD8EDD5BD80EE09E88 /* MarketFilter.swift */ = {isa = PBXFileReference; lastKnownFileType = sourcecode.swift; path = MarketFilter.swift; sourceTree = "<group>"; };
		99608D5F46FD5FF02B5EA161 /* AppearanceWindowBridge.swift */ = {isa = PBXFileReference; lastKnownFileType = sourcecode.swift; path = AppearanceWindowBridge.swift; sourceTree = "<group>"; };
		9B816EFCB523B03236DAEEEF /* OfferStore.swift */ = {isa = PBXFileReference; lastKnownFileType = sourcecode.swift; path = OfferStore.swift; sourceTree = "<group>"; };
		A0BB170AE5C0C0866A9F2960 /* ConsentStepView.swift */ = {isa = PBXFileReference; lastKnownFileType = sourcecode.swift; path = ConsentStepView.swift; sourceTree = "<group>"; };
		A687DB4BC334F9E68BA90F77 /* ContentView.swift */ = {isa = PBXFileReference; lastKnownFileType = sourcecode.swift; path = ContentView.swift; sourceTree = "<group>"; };
		A9E55D4008AD91AD7BE5D837 /* OnboardingJourneyTests.swift */ = {isa = PBXFileReference; lastKnownFileType = sourcecode.swift; path = OnboardingJourneyTests.swift; sourceTree = "<group>"; };
		AF835B2B5E4F7175CD1BC237 /* OfferRowView.swift */ = {isa = PBXFileReference; lastKnownFileType = sourcecode.swift; path = OfferRowView.swift; sourceTree = "<group>"; };
		B08B04789095121747D2E831 /* OfferCache.swift */ = {isa = PBXFileReference; lastKnownFileType = sourcecode.swift; path = OfferCache.swift; sourceTree = "<group>"; };
		B4182237F12035092E0DC4BD /* MockRepositories.swift */ = {isa = PBXFileReference; lastKnownFileType = sourcecode.swift; path = MockRepositories.swift; sourceTree = "<group>"; };
		B48FD6DDE4020955072D1F67 /* ModelDecodingTests.swift */ = {isa = PBXFileReference; lastKnownFileType = sourcecode.swift; path = ModelDecodingTests.swift; sourceTree = "<group>"; };
		B497405C745D8DC768C7C2AC /* UserProfile.swift */ = {isa = PBXFileReference; lastKnownFileType = sourcecode.swift; path = UserProfile.swift; sourceTree = "<group>"; };
		B96A835BFBDEAD6596C4A2D7 /* RegionStoreTests.swift */ = {isa = PBXFileReference; lastKnownFileType = sourcecode.swift; path = RegionStoreTests.swift; sourceTree = "<group>"; };
		BAA8AC26E4BC01DF5A0C6FA2 /* OfferMatcherTests.swift */ = {isa = PBXFileReference; lastKnownFileType = sourcecode.swift; path = OfferMatcherTests.swift; sourceTree = "<group>"; };
		BE7256204AE9324388462677 /* ProfileStepsView.swift */ = {isa = PBXFileReference; lastKnownFileType = sourcecode.swift; path = ProfileStepsView.swift; sourceTree = "<group>"; };
		C9272CDFCBA41FED9DC6789D /* OffersView.swift */ = {isa = PBXFileReference; lastKnownFileType = sourcecode.swift; path = OffersView.swift; sourceTree = "<group>"; };
		CCE3F1F17B17DE3B92506C9F /* OnboardingStepView.swift */ = {isa = PBXFileReference; lastKnownFileType = sourcecode.swift; path = OnboardingStepView.swift; sourceTree = "<group>"; };
		E45E1256E34DE2781CBF860E /* CachedOffer.swift */ = {isa = PBXFileReference; lastKnownFileType = sourcecode.swift; path = CachedOffer.swift; sourceTree = "<group>"; };
		E80B4B55063709CF2E4DF9D2 /* ShoppingItem.swift */ = {isa = PBXFileReference; lastKnownFileType = sourcecode.swift; path = ShoppingItem.swift; sourceTree = "<group>"; };
		EAE42C6EFFE3C1C8E391DCEF /* AppRepositories.swift */ = {isa = PBXFileReference; lastKnownFileType = sourcecode.swift; path = AppRepositories.swift; sourceTree = "<group>"; };
		EF672C84046EBB21ACA1088B /* Offer.swift */ = {isa = PBXFileReference; lastKnownFileType = sourcecode.swift; path = Offer.swift; sourceTree = "<group>"; };
		F0E06287A5B5DDF7F656F70C /* OnboardingFlowView.swift */ = {isa = PBXFileReference; lastKnownFileType = sourcecode.swift; path = OnboardingFlowView.swift; sourceTree = "<group>"; };
		F5C6807B82F58AD9DD9F5604 /* ProfileStoreTests.swift */ = {isa = PBXFileReference; lastKnownFileType = sourcecode.swift; path = ProfileStoreTests.swift; sourceTree = "<group>"; };
		F7954258C79DB783984DDE28 /* SettingsView.swift */ = {isa = PBXFileReference; lastKnownFileType = sourcecode.swift; path = SettingsView.swift; sourceTree = "<group>"; };
		FCD4F8974D73BB460271D3C4 /* ShoppingListRowView.swift */ = {isa = PBXFileReference; lastKnownFileType = sourcecode.swift; path = ShoppingListRowView.swift; sourceTree = "<group>"; };
/* End PBXFileReference section */

/* Begin PBXGroup section */
		0586542F0D436FE029CCCBF6 /* Networking */ = {
			isa = PBXGroup;
			children = (
				0B2CFE31D2A16B89A0CF2FC9 /* LoadFailure.swift */,
				4D18C603BE777876E0579A32 /* SupabaseClient.swift */,
			);
			path = Networking;
			sourceTree = "<group>";
		};
		0BB716DD1413901EFC7B999C /* Stores */ = {
			isa = PBXGroup;
			children = (
				7E891BCC1A8EAA8D316A08E4 /* MatchRejectionStore.swift */,
				9B816EFCB523B03236DAEEEF /* OfferStore.swift */,
				2A802B378CCF66963988D207 /* ProfileStore.swift */,
				868B074D7B32CF7410B7D479 /* RegionStore.swift */,
				5C6E875DEA6BFBC297763AAE /* ShoppingListStore.swift */,
			);
			path = Stores;
			sourceTree = "<group>";
		};
		121642AC5446B77FF9D07D27 /* ShoppingList */ = {
			isa = PBXGroup;
			children = (
				754CF28D34B7297C8735E917 /* MatchDetailView.swift */,
				FCD4F8974D73BB460271D3C4 /* ShoppingListRowView.swift */,
				6BC88CEB73009984290A2F9C /* ShoppingListView.swift */,
				39F7BDB9E68A73D6A55891AF /* ShoppingPlanCard.swift */,
			);
			path = ShoppingList;
			sourceTree = "<group>";
		};
		28C051F99974362C23224CDF /* Analytics */ = {
			isa = PBXGroup;
			children = (
				64A0A73C2B5FEF9C28CB9A27 /* OfferAnalytics.swift */,
				795DCA776480758D0282C8DA /* ShoppingListRanking.swift */,
			);
			path = Analytics;
			sourceTree = "<group>";
		};
		416F18F2F0BA403EFEF7361A /* Settings */ = {
			isa = PBXGroup;
			children = (
				F7954258C79DB783984DDE28 /* SettingsView.swift */,
			);
			path = Settings;
			sourceTree = "<group>";
		};
		4A92CBB443696A6E09541302 /* Offers */ = {
			isa = PBXGroup;
			children = (
				AF835B2B5E4F7175CD1BC237 /* OfferRowView.swift */,
				C9272CDFCBA41FED9DC6789D /* OffersView.swift */,
			);
			path = Offers;
			sourceTree = "<group>";
		};
		4E466500B64A5754ABF250C7 /* Config */ = {
			isa = PBXGroup;
			children = (
				81F6FDF0DCC1BB9D25EA8DE0 /* APIConfig.swift */,
				1A44C846C5DD8BA72F5A67F6 /* AppDefaults.swift */,
				EAE42C6EFFE3C1C8E391DCEF /* AppRepositories.swift */,
			);
			path = Config;
			sourceTree = "<group>";
		};
		4F8963D60CD7CFDA4A55DB9E /* Products */ = {
			isa = PBXGroup;
			children = (
				0A51CF633937486C4F3C90CD /* Smartshop.app */,
				2D726821263F61DD2DF69E8C /* SmartshopTests.xctest */,
				8FB4C53FE9EBB125EFE83FFF /* SmartshopUITests.xctest */,
			);
			name = Products;
			sourceTree = "<group>";
		};
		56F44481F933E658886E3DFF /* Ads */ = {
			isa = PBXGroup;
			children = (
				8A5FA268ACCB17FC037B2400 /* AdSlot.swift */,
			);
			path = Ads;
			sourceTree = "<group>";
		};
		580FBC6F06CC60D7A82AFA4A /* Persistence */ = {
			isa = PBXGroup;
			children = (
				E45E1256E34DE2781CBF860E /* CachedOffer.swift */,
				B08B04789095121747D2E831 /* OfferCache.swift */,
			);
			path = Persistence;
			sourceTree = "<group>";
		};
		59F55FF0EAB9C235BE1EACA9 /* Models */ = {
			isa = PBXGroup;
			children = (
				4D2AA9D14BC4A0DE3E94A637 /* Categories.swift */,
				2DA5E2F1FD07970ECF93D078 /* Market.swift */,
				971ADEDD8EDD5BD80EE09E88 /* MarketFilter.swift */,
				EF672C84046EBB21ACA1088B /* Offer.swift */,
				7002CAEC0771B195B6EF2198 /* OfferMatcher.swift */,
				711F4305918425B41721D89C /* Region.swift */,
				E80B4B55063709CF2E4DF9D2 /* ShoppingItem.swift */,
				B497405C745D8DC768C7C2AC /* UserProfile.swift */,
			);
			path = Models;
			sourceTree = "<group>";
		};
		79183F76FFA4B26A80C62D7D /* DesignSystem */ = {
			isa = PBXGroup;
			children = (
				99608D5F46FD5FF02B5EA161 /* AppearanceWindowBridge.swift */,
				27834BA71F48A6AF73887634 /* Theme.swift */,
			);
			path = DesignSystem;
			sourceTree = "<group>";
		};
		9A5121BB3102AE04ECE2CA40 /* Repositories */ = {
			isa = PBXGroup;
			children = (
				1329B01BEF7B45706988C564 /* LiveRepositories.swift */,
				B4182237F12035092E0DC4BD /* MockRepositories.swift */,
				9067D38E35AD37E75F0399D0 /* Repositories.swift */,
			);
			path = Repositories;
			sourceTree = "<group>";
		};
		9D616E4F71F0C8D576A1E60D /* Debug */ = {
			isa = PBXGroup;
			children = (
				13ECC9CF0E2A44A998133CA6 /* DebugReset.swift */,
				13A0CD8E61A0241FC7673975 /* UITestSupport.swift */,
			);
			path = Debug;
			sourceTree = "<group>";
		};
		B5721556CE68C53738BA7E7B /* SmartshopTests */ = {
			isa = PBXGroup;
			children = (
				1288BFEE69CC731FD2467645 /* MarketFilterTests.swift */,
				09410A87BA1B641089F1FB1F /* MarketTests.swift */,
				1B70F1AA0433221D95BBAEAB /* MockRepositoryTests.swift */,
				B48FD6DDE4020955072D1F67 /* ModelDecodingTests.swift */,
				94DEA83EC6F1AB3BE5F30366 /* OfferAnalyticsTests.swift */,
				22EF4DB51E488E8DCD969A0B /* OfferCacheTests.swift */,
				BAA8AC26E4BC01DF5A0C6FA2 /* OfferMatcherTests.swift */,
				370489AA970D79373393E3E3 /* OfferQueryTests.swift */,
				39F6AA8757179BD940639D76 /* OfferStoreTests.swift */,
				F5C6807B82F58AD9DD9F5604 /* ProfileStoreTests.swift */,
				B96A835BFBDEAD6596C4A2D7 /* RegionStoreTests.swift */,
				5138CD4A48A9D6A2F90BC9E5 /* ShoppingListRankingTests.swift */,
				8A55AEE68082C0FC0867C922 /* ShoppingListStoreTests.swift */,
			);
			path = SmartshopTests;
			sourceTree = "<group>";
		};
		BE16958C6A8C4CE02618AA38 = {
			isa = PBXGroup;
			children = (
				FEABFB6E1A3D728A696EDD31 /* Smartshop */,
				B5721556CE68C53738BA7E7B /* SmartshopTests */,
				C6565E9CB9EA9EBEEAD79C94 /* SmartshopUITests */,
				4F8963D60CD7CFDA4A55DB9E /* Products */,
			);
			sourceTree = "<group>";
		};
		C6565E9CB9EA9EBEEAD79C94 /* SmartshopUITests */ = {
			isa = PBXGroup;
			children = (
				A9E55D4008AD91AD7BE5D837 /* OnboardingJourneyTests.swift */,
			);
			path = SmartshopUITests;
			sourceTree = "<group>";
		};
		D4B5FCA8AEA37E1F9E5AEB72 /* App */ = {
			isa = PBXGroup;
			children = (
				32B1F93C13CC269E5A352AC9 /* SmartshopApp.swift */,
			);
			path = App;
			sourceTree = "<group>";
		};
		DA015267013A44C1DED7F101 /* Onboarding */ = {
			isa = PBXGroup;
			children = (
				A0BB170AE5C0C0866A9F2960 /* ConsentStepView.swift */,
				863A1058C1028198058B3773 /* MarketPickerView.swift */,
				F0E06287A5B5DDF7F656F70C /* OnboardingFlowView.swift */,
				CCE3F1F17B17DE3B92506C9F /* OnboardingStepView.swift */,
				01E0E10DD074BFC523DF9AD2 /* PLZLocator.swift */,
				BE7256204AE9324388462677 /* ProfileStepsView.swift */,
				844C4E818E4E0A2188DF2EC5 /* RegionSetupView.swift */,
				2D583F29D93E176CF24E3D4E /* WaitingView.swift */,
			);
			path = Onboarding;
			sourceTree = "<group>";
		};
		EA2BEADBD5862A0DACA3F36E /* Resources */ = {
			isa = PBXGroup;
			children = (
				61214BBE083A49EEB0734BC8 /* APIKeys.example.plist */,
				5AA184AEE48DDF1CFDBB58AE /* APIKeys.plist */,
			);
			path = Resources;
			sourceTree = "<group>";
		};
		FAFB51426DAF4F1A67A2D4A6 /* Views */ = {
			isa = PBXGroup;
			children = (
				A687DB4BC334F9E68BA90F77 /* ContentView.swift */,
				56F44481F933E658886E3DFF /* Ads */,
				4A92CBB443696A6E09541302 /* Offers */,
				DA015267013A44C1DED7F101 /* Onboarding */,
				416F18F2F0BA403EFEF7361A /* Settings */,
				121642AC5446B77FF9D07D27 /* ShoppingList */,
			);
			path = Views;
			sourceTree = "<group>";
		};
		FEABFB6E1A3D728A696EDD31 /* Smartshop */ = {
			isa = PBXGroup;
			children = (
				28C051F99974362C23224CDF /* Analytics */,
				D4B5FCA8AEA37E1F9E5AEB72 /* App */,
				4E466500B64A5754ABF250C7 /* Config */,
				9D616E4F71F0C8D576A1E60D /* Debug */,
				79183F76FFA4B26A80C62D7D /* DesignSystem */,
				59F55FF0EAB9C235BE1EACA9 /* Models */,
				0586542F0D436FE029CCCBF6 /* Networking */,
				580FBC6F06CC60D7A82AFA4A /* Persistence */,
				9A5121BB3102AE04ECE2CA40 /* Repositories */,
				EA2BEADBD5862A0DACA3F36E /* Resources */,
				0BB716DD1413901EFC7B999C /* Stores */,
				FAFB51426DAF4F1A67A2D4A6 /* Views */,
			);
			path = Smartshop;
			sourceTree = "<group>";
		};
/* End PBXGroup section */

/* Begin PBXNativeTarget section */
		2700211C78E5A6655B8CBB3B /* SmartshopTests */ = {
			isa = PBXNativeTarget;
			buildConfigurationList = 378BAC198C3D235066551BAA /* Build configuration list for PBXNativeTarget "SmartshopTests" */;
			buildPhases = (
				963DAC11EAEF23ECCB83140D /* Sources */,
			);
			buildRules = (
			);
			dependencies = (
				3C9CB06A5034D9E830A4E6C1 /* PBXTargetDependency */,
			);
			name = SmartshopTests;
			packageProductDependencies = (
			);
			productName = SmartshopTests;
			productReference = 2D726821263F61DD2DF69E8C /* SmartshopTests.xctest */;
			productType = "com.apple.product-type.bundle.unit-test";
		};
		5DE3FEF138E8E2592BB89AF4 /* Smartshop */ = {
			isa = PBXNativeTarget;
			buildConfigurationList = BFA836439C74ED98C883DA31 /* Build configuration list for PBXNativeTarget "Smartshop" */;
			buildPhases = (
				59368203DDE2A61BC75623E1 /* Sources */,
				9E2B642F04CFA3883980468A /* Resources */,
			);
			buildRules = (
			);
			dependencies = (
			);
			name = Smartshop;
			packageProductDependencies = (
			);
			productName = Smartshop;
			productReference = 0A51CF633937486C4F3C90CD /* Smartshop.app */;
			productType = "com.apple.product-type.application";
		};
		810DEB68BC39EA88AADB7DF3 /* SmartshopUITests */ = {
			isa = PBXNativeTarget;
			buildConfigurationList = 93EB9CAF39CD77714F19B825 /* Build configuration list for PBXNativeTarget "SmartshopUITests" */;
			buildPhases = (
				BD808289BC263F207429A2C4 /* Sources */,
			);
			buildRules = (
			);
			dependencies = (
				D0A84037206B1E88AEE0D43F /* PBXTargetDependency */,
			);
			name = SmartshopUITests;
			packageProductDependencies = (
			);
			productName = SmartshopUITests;
			productReference = 8FB4C53FE9EBB125EFE83FFF /* SmartshopUITests.xctest */;
			productType = "com.apple.product-type.bundle.ui-testing";
		};
/* End PBXNativeTarget section */

/* Begin PBXProject section */
		AAEBEDA23B4022594DFE627B /* Project object */ = {
			isa = PBXProject;
			attributes = {
				BuildIndependentTargetsInParallel = YES;
				LastUpgradeCheck = 1430;
				TargetAttributes = {
					2700211C78E5A6655B8CBB3B = {
						DevelopmentTeam = 3DZ9T8SGX5;
					};
					5DE3FEF138E8E2592BB89AF4 = {
						DevelopmentTeam = 3DZ9T8SGX5;
					};
					810DEB68BC39EA88AADB7DF3 = {
						DevelopmentTeam = 3DZ9T8SGX5;
						TestTargetID = 5DE3FEF138E8E2592BB89AF4;
					};
				};
			};
			buildConfigurationList = D3CECF59524C2D54981B2608 /* Build configuration list for PBXProject "Smartshop" */;
			developmentRegion = en;
			hasScannedForEncodings = 0;
			knownRegions = (
				Base,
				en,
			);
			mainGroup = BE16958C6A8C4CE02618AA38;
			minimizedProjectReferenceProxies = 1;
			preferredProjectObjectVersion = 77;
			productRefGroup = 4F8963D60CD7CFDA4A55DB9E /* Products */;
			projectDirPath = "";
			projectRoot = "";
			targets = (
				5DE3FEF138E8E2592BB89AF4 /* Smartshop */,
				2700211C78E5A6655B8CBB3B /* SmartshopTests */,
				810DEB68BC39EA88AADB7DF3 /* SmartshopUITests */,
			);
		};
/* End PBXProject section */

/* Begin PBXResourcesBuildPhase section */
		9E2B642F04CFA3883980468A /* Resources */ = {
			isa = PBXResourcesBuildPhase;
			buildActionMask = 2147483647;
			files = (
				1CA11265C97F7B910BC773DC /* APIKeys.example.plist in Resources */,
				E9A35414E0F415D5F256DAB8 /* APIKeys.plist in Resources */,
			);
			runOnlyForDeploymentPostprocessing = 0;
		};
/* End PBXResourcesBuildPhase section */

/* Begin PBXSourcesBuildPhase section */
		59368203DDE2A61BC75623E1 /* Sources */ = {
			isa = PBXSourcesBuildPhase;
			buildActionMask = 2147483647;
			files = (
				A47E9D5889DA43E1DBCA34EC /* APIConfig.swift in Sources */,
				1F78D51A22ADDAB72D20F6FA /* AdSlot.swift in Sources */,
				58D51B390C1A66256F9F7AA0 /* AppDefaults.swift in Sources */,
				ABD7A60CF74E723F56600DB2 /* AppRepositories.swift in Sources */,
				F0B0DC2A452F3EA8C8DBC463 /* AppearanceWindowBridge.swift in Sources */,
				2F362391D7A9A655E53746B8 /* CachedOffer.swift in Sources */,
				12160FAC3E4AC59459DAC26A /* Categories.swift in Sources */,
				8C4FDBDC98A0CF742BCC62F1 /* ConsentStepView.swift in Sources */,
				6958E0BBF81CABFBFAC157B1 /* ContentView.swift in Sources */,
				D370FA83C6251A01B54B6101 /* DebugReset.swift in Sources */,
				178B4FB3FE725FC8445FA295 /* LiveRepositories.swift in Sources */,
				27E4A7F5CEB3C983C4C605E6 /* LoadFailure.swift in Sources */,
				7D323F4158711B185CAEE8B4 /* Market.swift in Sources */,
				DB37DA5AFBEB7F45EAA7B017 /* MarketFilter.swift in Sources */,
				40DD889262FF2BC3BA791FD9 /* MarketPickerView.swift in Sources */,
				2AB6CD2243AA21C818C74DCB /* MatchDetailView.swift in Sources */,
				51848D45B3928B6DDB8CB3DC /* MatchRejectionStore.swift in Sources */,
				DF9F6517A6D0F31CA4E38147 /* MockRepositories.swift in Sources */,
				800FDB245BEBA1AD7B61AB07 /* Offer.swift in Sources */,
				901030CA717C52D1F23A9840 /* OfferAnalytics.swift in Sources */,
				BBA2786106C7620FA1A66D6B /* OfferCache.swift in Sources */,
				23B43B5A1A80E5C81121035C /* OfferMatcher.swift in Sources */,
				C999475F0828946C90D741FA /* OfferRowView.swift in Sources */,
				6489EAB6EBDF8B831D52FF05 /* OfferStore.swift in Sources */,
				566BC1AA401083B61633BBA5 /* OffersView.swift in Sources */,
				D09930822B5A4F4E71E1601C /* OnboardingFlowView.swift in Sources */,
				1F65F563962458CA759F9DB3 /* OnboardingStepView.swift in Sources */,
				FB79DF4DE67EEBC120455F2D /* PLZLocator.swift in Sources */,
				41672127D26EB44E5BFD0BB6 /* ProfileStepsView.swift in Sources */,
				903EB7332D5AA5115AF88711 /* ProfileStore.swift in Sources */,
				F25EC2E07C8D7E9E81F342F4 /* Region.swift in Sources */,
				FC6CAC46331966139E63E0C6 /* RegionSetupView.swift in Sources */,
				1D5A5635ABAEEB35624A6044 /* RegionStore.swift in Sources */,
				2ACE35BC3D6B25DEA4DAA0DB /* Repositories.swift in Sources */,
				113D1EB9B4F66276E6EFBA02 /* SettingsView.swift in Sources */,
				0E11C007DFE74399E60EED4A /* ShoppingItem.swift in Sources */,
				607B2AA3F5865F0BDE549C13 /* ShoppingListRanking.swift in Sources */,
				C449C113A932F2C6E74C4F0C /* ShoppingListRowView.swift in Sources */,
				F944DB41D768696C1A798FAE /* ShoppingListStore.swift in Sources */,
				24D1909C7DA029EF9C37FBBE /* ShoppingListView.swift in Sources */,
				F30F400B104364ACB47BD505 /* ShoppingPlanCard.swift in Sources */,
				B44EAB0044377C0209499951 /* SmartshopApp.swift in Sources */,
				09D30E4B5070A7E67A64BF2C /* SupabaseClient.swift in Sources */,
				DF9902A7D9E645AAE99CE314 /* Theme.swift in Sources */,
				7B5721EC9105507FAF6A8420 /* UITestSupport.swift in Sources */,
				5F506C4A97F5227912DBD5BB /* UserProfile.swift in Sources */,
				DD85902B4FD0B8217F02ED4A /* WaitingView.swift in Sources */,
			);
			runOnlyForDeploymentPostprocessing = 0;
		};
		963DAC11EAEF23ECCB83140D /* Sources */ = {
			isa = PBXSourcesBuildPhase;
			buildActionMask = 2147483647;
			files = (
				F37C9EB36CAD104F7E90BAF6 /* MarketFilterTests.swift in Sources */,
				6CAEFA276FB0987B4A7F334A /* MarketTests.swift in Sources */,
				D00A5FAAB301C2D65D7D1EB2 /* MockRepositoryTests.swift in Sources */,
				F9CF4DA5F34A08A75D43B6F0 /* ModelDecodingTests.swift in Sources */,
				E326D9D197136729E22F88CB /* OfferAnalyticsTests.swift in Sources */,
				D55A1F37BAF7F5862BBD6309 /* OfferCacheTests.swift in Sources */,
				D0AE2A24E7140F562CC57033 /* OfferMatcherTests.swift in Sources */,
				57565C965123F4C90F07393D /* OfferQueryTests.swift in Sources */,
				24ECE9C01AE520A888B7F588 /* OfferStoreTests.swift in Sources */,
				9BEA63C43CC16C1DFB7EF146 /* ProfileStoreTests.swift in Sources */,
				2D26416495DC7325CC715D1C /* RegionStoreTests.swift in Sources */,
				136D14A0B4E62D6E4F145720 /* ShoppingListRankingTests.swift in Sources */,
				51FFDA8362C9C80E3D9B0AF8 /* ShoppingListStoreTests.swift in Sources */,
			);
			runOnlyForDeploymentPostprocessing = 0;
		};
		BD808289BC263F207429A2C4 /* Sources */ = {
			isa = PBXSourcesBuildPhase;
			buildActionMask = 2147483647;
			files = (
				6EE84D0B46C83A66CA5546FB /* OnboardingJourneyTests.swift in Sources */,
			);
			runOnlyForDeploymentPostprocessing = 0;
		};
/* End PBXSourcesBuildPhase section */

/* Begin PBXTargetDependency section */
		3C9CB06A5034D9E830A4E6C1 /* PBXTargetDependency */ = {
			isa = PBXTargetDependency;
			target = 5DE3FEF138E8E2592BB89AF4 /* Smartshop */;
			targetProxy = D7E4FD44B92804FA005CEA06 /* PBXContainerItemProxy */;
		};
		D0A84037206B1E88AEE0D43F /* PBXTargetDependency */ = {
			isa = PBXTargetDependency;
			target = 5DE3FEF138E8E2592BB89AF4 /* Smartshop */;
			targetProxy = D6D15C6D6CB7BD1E8237B343 /* PBXContainerItemProxy */;
		};
/* End PBXTargetDependency section */

/* Begin XCBuildConfiguration section */
		0950172F6A07DD2EECD7800C /* Debug */ = {
			isa = XCBuildConfiguration;
			buildSettings = {
				BUNDLE_LOADER = "$(TEST_HOST)";
				GENERATE_INFOPLIST_FILE = YES;
				LD_RUNPATH_SEARCH_PATHS = (
					"$(inherited)",
					"@executable_path/Frameworks",
					"@loader_path/Frameworks",
				);
				PRODUCT_BUNDLE_IDENTIFIER = com.skoehler.smartshopTests;
				SDKROOT = iphoneos;
				TARGETED_DEVICE_FAMILY = "1,2";
				TEST_HOST = "$(BUILT_PRODUCTS_DIR)/Smartshop.app/Smartshop";
			};
			name = Debug;
		};
		1EFFE787A4B39BB20B37C9BB /* Debug */ = {
			isa = XCBuildConfiguration;
			buildSettings = {
				ASSETCATALOG_COMPILER_APPICON_NAME = AppIcon;
				CODE_SIGN_IDENTITY = "iPhone Developer";
				CURRENT_PROJECT_VERSION = 1;
				GENERATE_INFOPLIST_FILE = YES;
				INFOPLIST_KEY_NSLocationWhenInUseUsageDescription = "Dein Standort wird einmalig verwendet, um deine Postleitzahl zu ermitteln. Du kannst sie auch manuell eingeben.";
				INFOPLIST_KEY_UIApplicationSceneManifest_Generation = YES;
				INFOPLIST_KEY_UILaunchScreen_Generation = YES;
				INFOPLIST_KEY_UISupportedInterfaceOrientations = UIInterfaceOrientationPortrait;
				LD_RUNPATH_SEARCH_PATHS = (
					"$(inherited)",
					"@executable_path/Frameworks",
				);
				MARKETING_VERSION = 0.1.0;
				PRODUCT_BUNDLE_IDENTIFIER = com.skoehler.smartshop;
				SDKROOT = iphoneos;
				TARGETED_DEVICE_FAMILY = 1;
			};
			name = Debug;
		};
		3E1B723EB3BE39D32E79C533 /* Release */ = {
			isa = XCBuildConfiguration;
			buildSettings = {
				ASSETCATALOG_COMPILER_APPICON_NAME = AppIcon;
				CODE_SIGN_IDENTITY = "iPhone Developer";
				CURRENT_PROJECT_VERSION = 1;
				GENERATE_INFOPLIST_FILE = YES;
				INFOPLIST_KEY_NSLocationWhenInUseUsageDescription = "Dein Standort wird einmalig verwendet, um deine Postleitzahl zu ermitteln. Du kannst sie auch manuell eingeben.";
				INFOPLIST_KEY_UIApplicationSceneManifest_Generation = YES;
				INFOPLIST_KEY_UILaunchScreen_Generation = YES;
				INFOPLIST_KEY_UISupportedInterfaceOrientations = UIInterfaceOrientationPortrait;
				LD_RUNPATH_SEARCH_PATHS = (
					"$(inherited)",
					"@executable_path/Frameworks",
				);
				MARKETING_VERSION = 0.1.0;
				PRODUCT_BUNDLE_IDENTIFIER = com.skoehler.smartshop;
				SDKROOT = iphoneos;
				TARGETED_DEVICE_FAMILY = 1;
			};
			name = Release;
		};
		4711B93282290485D9DA4B9C /* Release */ = {
			isa = XCBuildConfiguration;
			buildSettings = {
				BUNDLE_LOADER = "$(TEST_HOST)";
				GENERATE_INFOPLIST_FILE = YES;
				LD_RUNPATH_SEARCH_PATHS = (
					"$(inherited)",
					"@executable_path/Frameworks",
					"@loader_path/Frameworks",
				);
				PRODUCT_BUNDLE_IDENTIFIER = com.skoehler.smartshopTests;
				SDKROOT = iphoneos;
				TARGETED_DEVICE_FAMILY = "1,2";
				TEST_HOST = "$(BUILT_PRODUCTS_DIR)/Smartshop.app/Smartshop";
			};
			name = Release;
		};
		65B6FCCC36D280302F170FC4 /* Release */ = {
			isa = XCBuildConfiguration;
			buildSettings = {
				ALWAYS_SEARCH_USER_PATHS = NO;
				CLANG_ANALYZER_NONNULL = YES;
				CLANG_ANALYZER_NUMBER_OBJECT_CONVERSION = YES_AGGRESSIVE;
				CLANG_CXX_LANGUAGE_STANDARD = "gnu++14";
				CLANG_CXX_LIBRARY = "libc++";
				CLANG_ENABLE_MODULES = YES;
				CLANG_ENABLE_OBJC_ARC = YES;
				CLANG_ENABLE_OBJC_WEAK = YES;
				CLANG_WARN_BLOCK_CAPTURE_AUTORELEASING = YES;
				CLANG_WARN_BOOL_CONVERSION = YES;
				CLANG_WARN_COMMA = YES;
				CLANG_WARN_CONSTANT_CONVERSION = YES;
				CLANG_WARN_DEPRECATED_OBJC_IMPLEMENTATIONS = YES;
				CLANG_WARN_DIRECT_OBJC_ISA_USAGE = YES_ERROR;
				CLANG_WARN_DOCUMENTATION_COMMENTS = YES;
				CLANG_WARN_EMPTY_BODY = YES;
				CLANG_WARN_ENUM_CONVERSION = YES;
				CLANG_WARN_INFINITE_RECURSION = YES;
				CLANG_WARN_INT_CONVERSION = YES;
				CLANG_WARN_NON_LITERAL_NULL_CONVERSION = YES;
				CLANG_WARN_OBJC_IMPLICIT_RETAIN_SELF = YES;
				CLANG_WARN_OBJC_LITERAL_CONVERSION = YES;
				CLANG_WARN_OBJC_ROOT_CLASS = YES_ERROR;
				CLANG_WARN_QUOTED_INCLUDE_IN_FRAMEWORK_HEADER = YES;
				CLANG_WARN_RANGE_LOOP_ANALYSIS = YES;
				CLANG_WARN_STRICT_PROTOTYPES = YES;
				CLANG_WARN_SUSPICIOUS_MOVE = YES;
				CLANG_WARN_UNGUARDED_AVAILABILITY = YES_AGGRESSIVE;
				CLANG_WARN_UNREACHABLE_CODE = YES;
				CLANG_WARN__DUPLICATE_METHOD_MATCH = YES;
				COPY_PHASE_STRIP = NO;
				DEBUG_INFORMATION_FORMAT = "dwarf-with-dsym";
				DEVELOPMENT_TEAM = 3DZ9T8SGX5;
				ENABLE_NS_ASSERTIONS = NO;
				ENABLE_STRICT_OBJC_MSGSEND = YES;
				GCC_C_LANGUAGE_STANDARD = gnu11;
				GCC_NO_COMMON_BLOCKS = YES;
				GCC_WARN_64_TO_32_BIT_CONVERSION = YES;
				GCC_WARN_ABOUT_RETURN_TYPE = YES_ERROR;
				GCC_WARN_UNDECLARED_SELECTOR = YES;
				GCC_WARN_UNINITIALIZED_AUTOS = YES_AGGRESSIVE;
				GCC_WARN_UNUSED_FUNCTION = YES;
				GCC_WARN_UNUSED_VARIABLE = YES;
				IPHONEOS_DEPLOYMENT_TARGET = 17.0;
				MTL_ENABLE_DEBUG_INFO = NO;
				MTL_FAST_MATH = YES;
				PRODUCT_NAME = "$(TARGET_NAME)";
				SDKROOT = iphoneos;
				SWIFT_COMPILATION_MODE = wholemodule;
				SWIFT_OPTIMIZATION_LEVEL = "-O";
				SWIFT_VERSION = 5.9;
			};
			name = Release;
		};
		727879AAB8903F9703D363FB /* Debug */ = {
			isa = XCBuildConfiguration;
			buildSettings = {
				BUNDLE_LOADER = "$(TEST_HOST)";
				GENERATE_INFOPLIST_FILE = YES;
				LD_RUNPATH_SEARCH_PATHS = (
					"$(inherited)",
					"@executable_path/Frameworks",
					"@loader_path/Frameworks",
				);
				PRODUCT_BUNDLE_IDENTIFIER = com.skoehler.smartshopUITests;
				SDKROOT = iphoneos;
				TARGETED_DEVICE_FAMILY = "1,2";
				TEST_TARGET_NAME = Smartshop;
			};
			name = Debug;
		};
		7AE03824C0460189FB7D42D6 /* Debug */ = {
			isa = XCBuildConfiguration;
			buildSettings = {
				ALWAYS_SEARCH_USER_PATHS = NO;
				CLANG_ANALYZER_NONNULL = YES;
				CLANG_ANALYZER_NUMBER_OBJECT_CONVERSION = YES_AGGRESSIVE;
				CLANG_CXX_LANGUAGE_STANDARD = "gnu++14";
				CLANG_CXX_LIBRARY = "libc++";
				CLANG_ENABLE_MODULES = YES;
				CLANG_ENABLE_OBJC_ARC = YES;
				CLANG_ENABLE_OBJC_WEAK = YES;
				CLANG_WARN_BLOCK_CAPTURE_AUTORELEASING = YES;
				CLANG_WARN_BOOL_CONVERSION = YES;
				CLANG_WARN_COMMA = YES;
				CLANG_WARN_CONSTANT_CONVERSION = YES;
				CLANG_WARN_DEPRECATED_OBJC_IMPLEMENTATIONS = YES;
				CLANG_WARN_DIRECT_OBJC_ISA_USAGE = YES_ERROR;
				CLANG_WARN_DOCUMENTATION_COMMENTS = YES;
				CLANG_WARN_EMPTY_BODY = YES;
				CLANG_WARN_ENUM_CONVERSION = YES;
				CLANG_WARN_INFINITE_RECURSION = YES;
				CLANG_WARN_INT_CONVERSION = YES;
				CLANG_WARN_NON_LITERAL_NULL_CONVERSION = YES;
				CLANG_WARN_OBJC_IMPLICIT_RETAIN_SELF = YES;
				CLANG_WARN_OBJC_LITERAL_CONVERSION = YES;
				CLANG_WARN_OBJC_ROOT_CLASS = YES_ERROR;
				CLANG_WARN_QUOTED_INCLUDE_IN_FRAMEWORK_HEADER = YES;
				CLANG_WARN_RANGE_LOOP_ANALYSIS = YES;
				CLANG_WARN_STRICT_PROTOTYPES = YES;
				CLANG_WARN_SUSPICIOUS_MOVE = YES;
				CLANG_WARN_UNGUARDED_AVAILABILITY = YES_AGGRESSIVE;
				CLANG_WARN_UNREACHABLE_CODE = YES;
				CLANG_WARN__DUPLICATE_METHOD_MATCH = YES;
				COPY_PHASE_STRIP = NO;
				DEBUG_INFORMATION_FORMAT = dwarf;
				DEVELOPMENT_TEAM = 3DZ9T8SGX5;
				ENABLE_STRICT_OBJC_MSGSEND = YES;
				ENABLE_TESTABILITY = YES;
				GCC_C_LANGUAGE_STANDARD = gnu11;
				GCC_DYNAMIC_NO_PIC = NO;
				GCC_NO_COMMON_BLOCKS = YES;
				GCC_OPTIMIZATION_LEVEL = 0;
				GCC_PREPROCESSOR_DEFINITIONS = (
					"$(inherited)",
					"DEBUG=1",
				);
				GCC_WARN_64_TO_32_BIT_CONVERSION = YES;
				GCC_WARN_ABOUT_RETURN_TYPE = YES_ERROR;
				GCC_WARN_UNDECLARED_SELECTOR = YES;
				GCC_WARN_UNINITIALIZED_AUTOS = YES_AGGRESSIVE;
				GCC_WARN_UNUSED_FUNCTION = YES;
				GCC_WARN_UNUSED_VARIABLE = YES;
				IPHONEOS_DEPLOYMENT_TARGET = 17.0;
				MTL_ENABLE_DEBUG_INFO = INCLUDE_SOURCE;
				MTL_FAST_MATH = YES;
				ONLY_ACTIVE_ARCH = YES;
				PRODUCT_NAME = "$(TARGET_NAME)";
				SDKROOT = iphoneos;
				SWIFT_ACTIVE_COMPILATION_CONDITIONS = DEBUG;
				SWIFT_OPTIMIZATION_LEVEL = "-Onone";
				SWIFT_VERSION = 5.9;
			};
			name = Debug;
		};
		DF751C0CA50118A943F865E6 /* Release */ = {
			isa = XCBuildConfiguration;
			buildSettings = {
				BUNDLE_LOADER = "$(TEST_HOST)";
				GENERATE_INFOPLIST_FILE = YES;
				LD_RUNPATH_SEARCH_PATHS = (
					"$(inherited)",
					"@executable_path/Frameworks",
					"@loader_path/Frameworks",
				);
				PRODUCT_BUNDLE_IDENTIFIER = com.skoehler.smartshopUITests;
				SDKROOT = iphoneos;
				TARGETED_DEVICE_FAMILY = "1,2";
				TEST_TARGET_NAME = Smartshop;
			};
			name = Release;
		};
/* End XCBuildConfiguration section */

/* Begin XCConfigurationList section */
		378BAC198C3D235066551BAA /* Build configuration list for PBXNativeTarget "SmartshopTests" */ = {
			isa = XCConfigurationList;
			buildConfigurations = (
				0950172F6A07DD2EECD7800C /* Debug */,
				4711B93282290485D9DA4B9C /* Release */,
			);
			defaultConfigurationIsVisible = 0;
			defaultConfigurationName = Debug;
		};
		93EB9CAF39CD77714F19B825 /* Build configuration list for PBXNativeTarget "SmartshopUITests" */ = {
			isa = XCConfigurationList;
			buildConfigurations = (
				727879AAB8903F9703D363FB /* Debug */,
				DF751C0CA50118A943F865E6 /* Release */,
			);
			defaultConfigurationIsVisible = 0;
			defaultConfigurationName = Debug;
		};
		BFA836439C74ED98C883DA31 /* Build configuration list for PBXNativeTarget "Smartshop" */ = {
			isa = XCConfigurationList;
			buildConfigurations = (
				1EFFE787A4B39BB20B37C9BB /* Debug */,
				3E1B723EB3BE39D32E79C533 /* Release */,
			);
			defaultConfigurationIsVisible = 0;
			defaultConfigurationName = Debug;
		};
		D3CECF59524C2D54981B2608 /* Build configuration list for PBXProject "Smartshop" */ = {
			isa = XCConfigurationList;
			buildConfigurations = (
				7AE03824C0460189FB7D42D6 /* Debug */,
				65B6FCCC36D280302F170FC4 /* Release */,
			);
			defaultConfigurationIsVisible = 0;
			defaultConfigurationName = Debug;
		};
/* End XCConfigurationList section */
	};
	rootObject = AAEBEDA23B4022594DFE627B /* Project object */;
}
